// !$*UTF8*$!
{
	archiveVersion = 1;
	classes = {
	};
	objectVersion = 48;
	objects = {

/* Begin PBXBuildFile section */
		22F3E8381FF5B134002DE6D2 /* AppDelegate.swift in Sources */ = {isa = PBXBuildFile; fileRef = 22F3E8371FF5B134002DE6D2 /* AppDelegate.swift */; };
		22F3E83A1FF5B135002DE6D2 /* ViewController.swift in Sources */ = {isa = PBXBuildFile; fileRef = 22F3E8391FF5B135002DE6D2 /* ViewController.swift */; };
		22F3E83D1FF5B135002DE6D2 /* Main.storyboard in Resources */ = {isa = PBXBuildFile; fileRef = 22F3E83B1FF5B135002DE6D2 /* Main.storyboard */; };
		22F3E8401FF5B135002DE6D2 /* Demo4.xcdatamodeld in Sources */ = {isa = PBXBuildFile; fileRef = 22F3E83E1FF5B135002DE6D2 /* Demo4.xcdatamodeld */; };
		22F3E8421FF5B135002DE6D2 /* Assets.xcassets in Resources */ = {isa = PBXBuildFile; fileRef = 22F3E8411FF5B135002DE6D2 /* Assets.xcassets */; };
		22F3E8451FF5B135002DE6D2 /* LaunchScreen.storyboard in Resources */ = {isa = PBXBuildFile; fileRef = 22F3E8431FF5B135002DE6D2 /* LaunchScreen.storyboard */; };
/* End PBXBuildFile section */

/* Begin PBXFileReference section */
		22F3E8341FF5B134002DE6D2 /* Demo4.app */ = {isa = PBXFileReference; explicitFileType = wrapper.application; includeInIndex = 0; path = Demo4.app; sourceTree = BUILT_PRODUCTS_DIR; };
		22F3E8371FF5B134002DE6D2 /* AppDelegate.swift */ = {isa = PBXFileReference; lastKnownFileType = sourcecode.swift; path = AppDelegate.swift; sourceTree = "<group>"; };
		22F3E8391FF5B135002DE6D2 /* ViewController.swift */ = {isa = PBXFileReference; lastKnownFileType = sourcecode.swift; path = ViewController.swift; sourceTree = "<group>"; };
		22F3E83C1FF5B135002DE6D2 /* Base */ = {isa = PBXFileReference; lastKnownFileType = file.storyboard; name = Base; path = Base.lproj/Main.storyboard; sourceTree = "<group>"; };
		22F3E83F1FF5B135002DE6D2 /* Demo4.xcdatamodel */ = {isa = PBXFileReference; lastKnownFileType = wrapper.xcdatamodel; path = Demo4.xcdatamodel; sourceTree = "<group>"; };
		22F3E8411FF5B135002DE6D2 /* Assets.xcassets */ = {isa = PBXFileReference; lastKnownFileType = folder.assetcatalog; path = Assets.xcassets; sourceTree = "<group>"; };
		22F3E8441FF5B135002DE6D2 /* Base */ = {isa = PBXFileReference; lastKnownFileType = file.storyboard; name = Base; path = Base.lproj/LaunchScreen.storyboard; sourceTree = "<group>"; };
		22F3E8461FF5B135002DE6D2 /* Info.plist */ = {isa = PBXFileReference; lastKnownFileType = text.plist.xml; path = Info.plist; sourceTree = "<group>"; };
/* End PBXFileReference section */

/* Begin PBXFrameworksBuildPhase section */
		22F3E8311FF5B134002DE6D2 /* Frameworks */ = {
			isa = PBXFrameworksBuildPhase;
			buildActionMask = 2147483647;
			files = (
			);
			runOnlyForDeploymentPostprocessing = 0;
		};
/* End PBXFrameworksBuildPhase section */

/* Begin PBXGroup section */
		22F3E82B1FF5B134002DE6D2 = {
			isa = PBXGroup;
			children = (
				22F3E8361FF5B134002DE6D2 /* Demo4 */,
				22F3E8351FF5B134002DE6D2 /* Products */,
			);
			sourceTree = "<group>";
		};
		22F3E8351FF5B134002DE6D2 /* Products */ = {
			isa = PBXGroup;
			children = (
				22F3E8341FF5B134002DE6D2 /* Demo4.app */,
			);
			name = Products;
			sourceTree = "<group>";
		};
		22F3E8361FF5B134002DE6D2 /* Demo4 */ = {
			isa = PBXGroup;
			children = (
				22F3E8371FF5B134002DE6D2 /* AppDelegate.swift */,
				22F3E8391FF5B135002DE6D2 /* ViewController.swift */,
				22F3E83B1FF5B135002DE6D2 /* Main.storyboard */,
				22F3E8411FF5B135002DE6D2 /* Assets.xcassets */,
				22F3E8431FF5B135002DE6D2 /* LaunchScreen.storyboard */,
				22F3E8461FF5B135002DE6D2 /* Info.plist */,
				22F3E83E1FF5B135002DE6D2 /* Demo4.xcdatamodeld */,
			);
			path = Demo4;
			sourceTree = "<group>";
		};
/* End PBXGroup section */

/* Begin PBXNativeTarget section */
		22F3E8331FF5B134002DE6D2 /* Demo4 */ = {
			isa = PBXNativeTarget;
			buildConfigurationList = 22F3E8491FF5B135002DE6D2 /* Build configuration list for PBXNativeTarget "Demo4" */;
			buildPhases = (
				22F3E8301FF5B134002DE6D2 /* Sources */,
				22F3E8311FF5B134002DE6D2 /* Frameworks */,
				22F3E8321FF5B134002DE6D2 /* Resources */,
			);
			buildRules = (
			);
			dependencies = (
			);
			name = Demo4;
			productName = Demo4;
			productReference = 22F3E8341FF5B134002DE6D2 /* Demo4.app */;
			productType = "com.apple.product-type.application";
		};
/* End PBXNativeTarget section */

/* Begin PBXProject section */
		22F3E82C1FF5B134002DE6D2 /* Project object */ = {
			isa = PBXProject;
			attributes = {
				LastSwiftUpdateCheck = 0910;
				LastUpgradeCheck = 0910;
				ORGANIZATIONNAME = "Alfonso Torres";
				TargetAttributes = {
					22F3E8331FF5B134002DE6D2 = {
						CreatedOnToolsVersion = 9.1;
						ProvisioningStyle = Automatic;
					};
				};
			};
			buildConfigurationList = 22F3E82F1FF5B134002DE6D2 /* Build configuration list for PBXProject "Demo4" */;
			compatibilityVersion = "Xcode 8.0";
			developmentRegion = en;
			hasScannedForEncodings = 0;
			knownRegions = (
				en,
				Base,
			);
			mainGroup = 22F3E82B1FF5B134002DE6D2;
			productRefGroup = 22F3E8351FF5B134002DE6D2 /* Products */;
			projectDirPath = "";
			projectRoot = "";
			targets = (
				22F3E8331FF5B134002DE6D2 /* Demo4 */,
			);
		};
/* End PBXProject section */

/* Begin PBXResourcesBuildPhase section */
		22F3E8321FF5B134002DE6D2 /* Resources */ = {
			isa = PBXResourcesBuildPhase;
			buildActionMask = 2147483647;
			files = (
				22F3E8451FF5B135002DE6D2 /* LaunchScreen.storyboard in Resources */,
				22F3E8421FF5B135002DE6D2 /* Assets.xcassets in Resources */,
				22F3E83D1FF5B135002DE6D2 /* Main.storyboard in Resources */,
			);
			runOnlyForDeploymentPostprocessing = 0;
		};
/* End PBXResourcesBuildPhase section */

/* Begin PBXSourcesBuildPhase section */
		22F3E8301FF5B134002DE6D2 /* Sources */ = {
			isa = PBXSourcesBuildPhase;
			buildActionMask = 2147483647;
			files = (
				22F3E83A1FF5B135002DE6D2 /* ViewController.swift in Sources */,
				22F3E8381FF5B134002DE6D2 /* AppDelegate.swift in Sources */,
				22F3E8401FF5B135002DE6D2 /* Demo4.xcdatamodeld in Sources */,
			);
			runOnlyForDeploymentPostprocessing = 0;
		};
/* End PBXSourcesBuildPhase section */

/* Begin PBXVariantGroup section */
		22F3E83B1FF5B135002DE6D2 /* Main.storyboard */ = {
			isa = PBXVariantGroup;
			children = (
				22F3E83C1FF5B135002DE6D2 /* Base */,
			);
			name = Main.storyboard;
			sourceTree = "<group>";
		};
		22F3E8431FF5B135002DE6D2 /* LaunchScreen.storyboard */ = {
			isa = PBXVariantGroup;
			children = (
				22F3E8441FF5B135002DE6D2 /* Base */,
			);
			name = LaunchScreen.storyboard;
			sourceTree = "<group>";
		};
/* End PBXVariantGroup section */

/* Begin XCBuildConfiguration section */
		22F3E8471FF5B135002DE6D2 /* Debug */ = {
			isa = XCBuildConfiguration;
			buildSettings = {
				ALWAYS_SEARCH_USER_PATHS = NO;
				CLANG_ANALYZER_NONNULL = YES;
				CLANG_ANALYZER_NUMBER_OBJECT_CONVERSION = YES_AGGRESSIVE;
				CLANG_CXX_LANGUAGE_STANDARD = "gnu++14";
				CLANG_CXX_LIBRARY = "libc++";
				CLANG_ENABLE_MODULES = YES;
				CLANG_ENABLE_OBJC_ARC = YES;
				CLANG_WARN_BLOCK_CAPTURE_AUTORELEASING = YES;
				CLANG_WARN_BOOL_CONVERSION = YES;
				CLANG_WARN_COMMA = YES;
				CLANG_WARN_CONSTANT_CONVERSION = YES;
				CLANG_WARN_DIRECT_OBJC_ISA_USAGE = YES_ERROR;
				CLANG_WARN_DOCUMENTATION_COMMENTS = YES;
				CLANG_WARN_EMPTY_BODY = YES;
				CLANG_WARN_ENUM_CONVERSION = YES;
				CLANG_WARN_INFINITE_RECURSION = YES;
				CLANG_WARN_INT_CONVERSION = YES;
				CLANG_WARN_NON_LITERAL_NULL_CONVERSION = YES;
				CLANG_WARN_OBJC_LITERAL_CONVERSION = YES;
				CLANG_WARN_OBJC_ROOT_CLASS = YES_ERROR;
				CLANG_WARN_RANGE_LOOP_ANALYSIS = YES;
				CLANG_WARN_STRICT_PROTOTYPES = YES;
				CLANG_WARN_SUSPICIOUS_MOVE = YES;
				CLANG_WARN_UNGUARDED_AVAILABILITY = YES_AGGRESSIVE;
				CLANG_WARN_UNREACHABLE_CODE = YES;
				CLANG_WARN__DUPLICATE_METHOD_MATCH = YES;
				CODE_SIGN_IDENTITY = "iPhone Developer";
				COPY_PHASE_STRIP = NO;
				DEBUG_INFORMATION_FORMAT = dwarf;
				ENABLE_STRICT_OBJC_MSGSEND = YES;
				ENABLE_TESTABILITY = YES;
				GCC_C_LANGUAGE_STANDARD = gnu11;
				GCC_DYNAMIC_NO_PIC = NO;
				GCC_NO_COMMON_BLOCKS = YES;
				GCC_OPTIMIZATION_LEVEL = 0;
				GCC_PREPROCESSOR_DEFINITIONS = (
					"DEBUG=1",
					"$(inherited)",
				);
				GCC_WARN_64_TO_32_BIT_CONVERSION = YES;
				GCC_WARN_ABOUT_RETURN_TYPE = YES_ERROR;
				GCC_WARN_UNDECLARED_SELECTOR = YES;
				GCC_WARN_UNINITIALIZED_AUTOS = YES_AGGRESSIVE;
				GCC_WARN_UNUSED_FUNCTION = YES;
				GCC_WARN_UNUSED_VARIABLE = YES;
				IPHONEOS_DEPLOYMENT_TARGET = 11.1;
				MTL_ENABLE_DEBUG_INFO = YES;
				ONLY_ACTIVE_ARCH = YES;
				SDKROOT = iphoneos;
				SWIFT_ACTIVE_COMPILATION_CONDITIONS = DEBUG;
				SWIFT_OPTIMIZATION_LEVEL = "-Onone";
			};
			name = Debug;
		};
		22F3E8481FF5B135002DE6D2 /* Release */ = {
			isa = XCBuildConfiguration;
			buildSettings = {
				ALWAYS_SEARCH_USER_PATHS = NO;
				CLANG_ANALYZER_NONNULL = YES;
				CLANG_ANALYZER_NUMBER_OBJECT_CONVERSION = YES_AGGRESSIVE;
				CLANG_CXX_LANGUAGE_STANDARD = "gnu++14";
				CLANG_CXX_LIBRARY = "libc++";
				CLANG_ENABLE_MODULES = YES;
				CLANG_ENABLE_OBJC_ARC = YES;
				CLANG_WARN_BLOCK_CAPTURE_AUTORELEASING = YES;
				CLANG_WARN_BOOL_CONVERSION = YES;
				CLANG_WARN_COMMA = YES;
				CLANG_WARN_CONSTANT_CONVERSION = YES;
				CLANG_WARN_DIRECT_OBJC_ISA_USAGE = YES_ERROR;
				CLANG_WARN_DOCUMENTATION_COMMENTS = YES;
				CLANG_WARN_EMPTY_BODY = YES;
				CLANG_WARN_ENUM_CONVERSION = YES;
				CLANG_WARN_INFINITE_RECURSION = YES;
				CLANG_WARN_INT_CONVERSION = YES;
				CLANG_WARN_NON_LITERAL_NULL_CONVERSION = YES;
				CLANG_WARN_OBJC_LITERAL_CONVERSION = YES;
				CLANG_WARN_OBJC_ROOT_CLASS = YES_ERROR;
				CLANG_WARN_RANGE_LOOP_ANALYSIS = YES;
				CLANG_WARN_STRICT_PROTOTYPES = YES;
				CLANG_WARN_SUSPICIOUS_MOVE = YES;
				CLANG_WARN_UNGUARDED_AVAILABILITY = YES_AGGRESSIVE;
				CLANG_WARN_UNREACHABLE_CODE = YES;
				CLANG_WARN__DUPLICATE_METHOD_MATCH = YES;
				CODE_SIGN_IDENTITY = "iPhone Developer";
				COPY_PHASE_STRIP = NO;
				DEBUG_INFORMATION_FORMAT = "dwarf-with-dsym";
				ENABLE_NS_ASSERTIONS = NO;
				ENABLE_STRICT_OBJC_MSGSEND = YES;
				GCC_C_LANGUAGE_STANDARD = gnu11;
				GCC_NO_COMMON_BLOCKS = YES;
				GCC_WARN_64_TO_32_BIT_CONVERSION = YES;
				GCC_WARN_ABOUT_RETURN_TYPE = YES_ERROR;
				GCC_WARN_UNDECLARED_SELECTOR = YES;
				GCC_WARN_UNINITIALIZED_AUTOS = YES_AGGRESSIVE;
				GCC_WARN_UNUSED_FUNCTION = YES;
				GCC_WARN_UNUSED_VARIABLE = YES;
				IPHONEOS_DEPLOYMENT_TARGET = 11.1;
				MTL_ENABLE_DEBUG_INFO = NO;
				SDKROOT = iphoneos;
				SWIFT_OPTIMIZATION_LEVEL = "-Owholemodule";
				VALIDATE_PRODUCT = YES;
			};
			name = Release;
		};
		22F3E84A1FF5B135002DE6D2 /* Debug */ = {
			isa = XCBuildConfiguration;
			buildSettings = {
				ASSETCATALOG_COMPILER_APPICON_NAME = AppIcon;
				CODE_SIGN_STYLE = Automatic;
				DEVELOPMENT_TEAM = T7L2FQY8CD;
				INFOPLIST_FILE = Demo4/Info.plist;
				LD_RUNPATH_SEARCH_PATHS = "$(inherited) @executable_path/Frameworks";
				PRODUCT_BUNDLE_IDENTIFIER = com.alftaurus.Demo4;
				PRODUCT_NAME = "$(TARGET_NAME)";
				SWIFT_VERSION = 4.0;
				TARGETED_DEVICE_FAMILY = "1,2";
			};
			name = Debug;
		};
		22F3E84B1FF5B135002DE6D2 /* Release */ = {
			isa = XCBuildConfiguration;
			buildSettings = {
				ASSETCATALOG_COMPILER_APPICON_NAME = AppIcon;
				CODE_SIGN_STYLE = Automatic;
				DEVELOPMENT_TEAM = T7L2FQY8CD;
				INFOPLIST_FILE = Demo4/Info.plist;
				LD_RUNPATH_SEARCH_PATHS = "$(inherited) @executable_path/Frameworks";
				PRODUCT_BUNDLE_IDENTIFIER = com.alftaurus.Demo4;
				PRODUCT_NAME = "$(TARGET_NAME)";
				SWIFT_VERSION = 4.0;
				TARGETED_DEVICE_FAMILY = "1,2";
			};
			name = Release;
		};
/* End XCBuildConfiguration section */

/* Begin XCConfigurationList section */
		22F3E82F1FF5B134002DE6D2 /* Build configuration list for PBXProject "Demo4" */ = {
			isa = XCConfigurationList;
			buildConfigurations = (
				22F3E8471FF5B135002DE6D2 /* Debug */,
				22F3E8481FF5B135002DE6D2 /* Release */,
			);
			defaultConfigurationIsVisible = 0;
			defaultConfigurationName = Release;
		};
		22F3E8491FF5B135002DE6D2 /* Build configuration list for PBXNativeTarget "Demo4" */ = {
			isa = XCConfigurationList;
			buildConfigurations = (
				22F3E84A1FF5B135002DE6D2 /* Debug */,
				22F3E84B1FF5B135002DE6D2 /* Release */,
			);
			defaultConfigurationIsVisible = 0;
			defaultConfigurationName = Release;
		};
/* End XCConfigurationList section */

/* Begin XCVersionGroup section */
		22F3E83E1FF5B135002DE6D2 /* Demo4.xcdatamodeld */ = {
			isa = XCVersionGroup;
			children = (
				22F3E83F1FF5B135002DE6D2 /* Demo4.xcdatamodel */,
			);
			currentVersion = 22F3E83F1FF5B135002DE6D2 /* Demo4.xcdatamodel */;
			path = Demo4.xcdatamodeld;
			sourceTree = "<group>";
			versionGroupType = wrapper.xcdatamodel;
		};
/* End XCVersionGroup section */
	};
	rootObject = 22F3E82C1FF5B134002DE6D2 /* Project object */;
}
