// !$*UTF8*$!
{
	archiveVersion = 1;
	classes = {
	};
	objectVersion = 48;
	objects = {

/* Begin PBXBuildFile section */
		224C6DD51F84A00F00AAA45C /* AppDelegate.swift in Sources */ = {isa = PBXBuildFile; fileRef = 224C6DD41F84A00F00AAA45C /* AppDelegate.swift */; };
		224C6DD71F84A00F00AAA45C /* ViewController.swift in Sources */ = {isa = PBXBuildFile; fileRef = 224C6DD61F84A00F00AAA45C /* ViewController.swift */; };
		224C6DDA1F84A00F00AAA45C /* Main.storyboard in Resources */ = {isa = PBXBuildFile; fileRef = 224C6DD81F84A00F00AAA45C /* Main.storyboard */; };
		224C6DDC1F84A00F00AAA45C /* Assets.xcassets in Resources */ = {isa = PBXBuildFile; fileRef = 224C6DDB1F84A00F00AAA45C /* Assets.xcassets */; };
		224C6DDF1F84A00F00AAA45C /* LaunchScreen.storyboard in Resources */ = {isa = PBXBuildFile; fileRef = 224C6DDD1F84A00F00AAA45C /* LaunchScreen.storyboard */; };
		224C6DEA1F84A00F00AAA45C /* WorldTrotterTests.swift in Sources */ = {isa = PBXBuildFile; fileRef = 224C6DE91F84A00F00AAA45C /* WorldTrotterTests.swift */; };
		224C6DF51F84A00F00AAA45C /* WorldTrotterUITests.swift in Sources */ = {isa = PBXBuildFile; fileRef = 224C6DF41F84A00F00AAA45C /* WorldTrotterUITests.swift */; };
/* End PBXBuildFile section */

/* Begin PBXContainerItemProxy section */
		224C6DE61F84A00F00AAA45C /* PBXContainerItemProxy */ = {
			isa = PBXContainerItemProxy;
			containerPortal = 224C6DC91F84A00F00AAA45C /* Project object */;
			proxyType = 1;
			remoteGlobalIDString = 224C6DD01F84A00F00AAA45C;
			remoteInfo = WorldTrotter;
		};
		224C6DF11F84A00F00AAA45C /* PBXContainerItemProxy */ = {
			isa = PBXContainerItemProxy;
			containerPortal = 224C6DC91F84A00F00AAA45C /* Project object */;
			proxyType = 1;
			remoteGlobalIDString = 224C6DD01F84A00F00AAA45C;
			remoteInfo = WorldTrotter;
		};
/* End PBXContainerItemProxy section */

/* Begin PBXFileReference section */
		224C6DD11F84A00F00AAA45C /* WorldTrotter.app */ = {isa = PBXFileReference; explicitFileType = wrapper.application; includeInIndex = 0; path = WorldTrotter.app; sourceTree = BUILT_PRODUCTS_DIR; };
		224C6DD41F84A00F00AAA45C /* AppDelegate.swift */ = {isa = PBXFileReference; lastKnownFileType = sourcecode.swift; path = AppDelegate.swift; sourceTree = "<group>"; };
		224C6DD61F84A00F00AAA45C /* ViewController.swift */ = {isa = PBXFileReference; lastKnownFileType = sourcecode.swift; path = ViewController.swift; sourceTree = "<group>"; };
		224C6DD91F84A00F00AAA45C /* Base */ = {isa = PBXFileReference; lastKnownFileType = file.storyboard; name = Base; path = Base.lproj/Main.storyboard; sourceTree = "<group>"; };
		224C6DDB1F84A00F00AAA45C /* Assets.xcassets */ = {isa = PBXFileReference; lastKnownFileType = folder.assetcatalog; path = Assets.xcassets; sourceTree = "<group>"; };
		224C6DDE1F84A00F00AAA45C /* Base */ = {isa = PBXFileReference; lastKnownFileType = file.storyboard; name = Base; path = Base.lproj/LaunchScreen.storyboard; sourceTree = "<group>"; };
		224C6DE01F84A00F00AAA45C /* Info.plist */ = {isa = PBXFileReference; lastKnownFileType = text.plist.xml; path = Info.plist; sourceTree = "<group>"; };
		224C6DE51F84A00F00AAA45C /* WorldTrotterTests.xctest */ = {isa = PBXFileReference; explicitFileType = wrapper.cfbundle; includeInIndex = 0; path = WorldTrotterTests.xctest; sourceTree = BUILT_PRODUCTS_DIR; };
		224C6DE91F84A00F00AAA45C /* WorldTrotterTests.swift */ = {isa = PBXFileReference; lastKnownFileType = sourcecode.swift; path = WorldTrotterTests.swift; sourceTree = "<group>"; };
		224C6DEB1F84A00F00AAA45C /* Info.plist */ = {isa = PBXFileReference; lastKnownFileType = text.plist.xml; path = Info.plist; sourceTree = "<group>"; };
		224C6DF01F84A00F00AAA45C /* WorldTrotterUITests.xctest */ = {isa = PBXFileReference; explicitFileType = wrapper.cfbundle; includeInIndex = 0; path = WorldTrotterUITests.xctest; sourceTree = BUILT_PRODUCTS_DIR; };
		224C6DF41F84A00F00AAA45C /* WorldTrotterUITests.swift */ = {isa = PBXFileReference; lastKnownFileType = sourcecode.swift; path = WorldTrotterUITests.swift; sourceTree = "<group>"; };
		224C6DF61F84A00F00AAA45C /* Info.plist */ = {isa = PBXFileReference; lastKnownFileType = text.plist.xml; path = Info.plist; sourceTree = "<group>"; };
/* End PBXFileReference section */

/* Begin PBXFrameworksBuildPhase section */
		224C6DCE1F84A00F00AAA45C /* Frameworks */ = {
			isa = PBXFrameworksBuildPhase;
			buildActionMask = 2147483647;
			files = (
			);
			runOnlyForDeploymentPostprocessing = 0;
		};
		224C6DE21F84A00F00AAA45C /* Frameworks */ = {
			isa = PBXFrameworksBuildPhase;
			buildActionMask = 2147483647;
			files = (
			);
			runOnlyForDeploymentPostprocessing = 0;
		};
		224C6DED1F84A00F00AAA45C /* Frameworks */ = {
			isa = PBXFrameworksBuildPhase;
			buildActionMask = 2147483647;
			files = (
			);
			runOnlyForDeploymentPostprocessing = 0;
		};
/* End PBXFrameworksBuildPhase section */

/* Begin PBXGroup section */
		224C6DC81F84A00F00AAA45C = {
			isa = PBXGroup;
			children = (
				224C6DD31F84A00F00AAA45C /* WorldTrotter */,
				224C6DE81F84A00F00AAA45C /* WorldTrotterTests */,
				224C6DF31F84A00F00AAA45C /* WorldTrotterUITests */,
				224C6DD21F84A00F00AAA45C /* Products */,
			);
			sourceTree = "<group>";
		};
		224C6DD21F84A00F00AAA45C /* Products */ = {
			isa = PBXGroup;
			children = (
				224C6DD11F84A00F00AAA45C /* WorldTrotter.app */,
				224C6DE51F84A00F00AAA45C /* WorldTrotterTests.xctest */,
				224C6DF01F84A00F00AAA45C /* WorldTrotterUITests.xctest */,
			);
			name = Products;
			sourceTree = "<group>";
		};
		224C6DD31F84A00F00AAA45C /* WorldTrotter */ = {
			isa = PBXGroup;
			children = (
				224C6DD41F84A00F00AAA45C /* AppDelegate.swift */,
				224C6DD61F84A00F00AAA45C /* ViewController.swift */,
				224C6DD81F84A00F00AAA45C /* Main.storyboard */,
				224C6DDB1F84A00F00AAA45C /* Assets.xcassets */,
				224C6DDD1F84A00F00AAA45C /* LaunchScreen.storyboard */,
				224C6DE01F84A00F00AAA45C /* Info.plist */,
			);
			path = WorldTrotter;
			sourceTree = "<group>";
		};
		224C6DE81F84A00F00AAA45C /* WorldTrotterTests */ = {
			isa = PBXGroup;
			children = (
				224C6DE91F84A00F00AAA45C /* WorldTrotterTests.swift */,
				224C6DEB1F84A00F00AAA45C /* Info.plist */,
			);
			path = WorldTrotterTests;
			sourceTree = "<group>";
		};
		224C6DF31F84A00F00AAA45C /* WorldTrotterUITests */ = {
			isa = PBXGroup;
			children = (
				224C6DF41F84A00F00AAA45C /* WorldTrotterUITests.swift */,
				224C6DF61F84A00F00AAA45C /* Info.plist */,
			);
			path = WorldTrotterUITests;
			sourceTree = "<group>";
		};
/* End PBXGroup section */

/* Begin PBXNativeTarget section */
		224C6DD01F84A00F00AAA45C /* WorldTrotter */ = {
			isa = PBXNativeTarget;
			buildConfigurationList = 224C6DF91F84A00F00AAA45C /* Build configuration list for PBXNativeTarget "WorldTrotter" */;
			buildPhases = (
				224C6DCD1F84A00F00AAA45C /* Sources */,
				224C6DCE1F84A00F00AAA45C /* Frameworks */,
				224C6DCF1F84A00F00AAA45C /* Resources */,
			);
			buildRules = (
			);
			dependencies = (
			);
			name = WorldTrotter;
			productName = WorldTrotter;
			productReference = 224C6DD11F84A00F00AAA45C /* WorldTrotter.app */;
			productType = "com.apple.product-type.application";
		};
		224C6DE41F84A00F00AAA45C /* WorldTrotterTests */ = {
			isa = PBXNativeTarget;
			buildConfigurationList = 224C6DFC1F84A00F00AAA45C /* Build configuration list for PBXNativeTarget "WorldTrotterTests" */;
			buildPhases = (
				224C6DE11F84A00F00AAA45C /* Sources */,
				224C6DE21F84A00F00AAA45C /* Frameworks */,
				224C6DE31F84A00F00AAA45C /* Resources */,
			);
			buildRules = (
			);
			dependencies = (
				224C6DE71F84A00F00AAA45C /* PBXTargetDependency */,
			);
			name = WorldTrotterTests;
			productName = WorldTrotterTests;
			productReference = 224C6DE51F84A00F00AAA45C /* WorldTrotterTests.xctest */;
			productType = "com.apple.product-type.bundle.unit-test";
		};
		224C6DEF1F84A00F00AAA45C /* WorldTrotterUITests */ = {
			isa = PBXNativeTarget;
			buildConfigurationList = 224C6DFF1F84A00F00AAA45C /* Build configuration list for PBXNativeTarget "WorldTrotterUITests" */;
			buildPhases = (
				224C6DEC1F84A00F00AAA45C /* Sources */,
				224C6DED1F84A00F00AAA45C /* Frameworks */,
				224C6DEE1F84A00F00AAA45C /* Resources */,
			);
			buildRules = (
			);
			dependencies = (
				224C6DF21F84A00F00AAA45C /* PBXTargetDependency */,
			);
			name = WorldTrotterUITests;
			productName = WorldTrotterUITests;
			productReference = 224C6DF01F84A00F00AAA45C /* WorldTrotterUITests.xctest */;
			productType = "com.apple.product-type.bundle.ui-testing";
		};
/* End PBXNativeTarget section */

/* Begin PBXProject section */
		224C6DC91F84A00F00AAA45C /* Project object */ = {
			isa = PBXProject;
			attributes = {
				LastSwiftUpdateCheck = 0900;
				LastUpgradeCheck = 0900;
				ORGANIZATIONNAME = "Alfonso Torres";
				TargetAttributes = {
					224C6DD01F84A00F00AAA45C = {
						CreatedOnToolsVersion = 9.0;
						ProvisioningStyle = Automatic;
					};
					224C6DE41F84A00F00AAA45C = {
						CreatedOnToolsVersion = 9.0;
						ProvisioningStyle = Automatic;
						TestTargetID = 224C6DD01F84A00F00AAA45C;
					};
					224C6DEF1F84A00F00AAA45C = {
						CreatedOnToolsVersion = 9.0;
						ProvisioningStyle = Automatic;
						TestTargetID = 224C6DD01F84A00F00AAA45C;
					};
				};
			};
			buildConfigurationList = 224C6DCC1F84A00F00AAA45C /* Build configuration list for PBXProject "WorldTrotter" */;
			compatibilityVersion = "Xcode 8.0";
			developmentRegion = en;
			hasScannedForEncodings = 0;
			knownRegions = (
				en,
				Base,
			);
			mainGroup = 224C6DC81F84A00F00AAA45C;
			productRefGroup = 224C6DD21F84A00F00AAA45C /* Products */;
			projectDirPath = "";
			projectRoot = "";
			targets = (
				224C6DD01F84A00F00AAA45C /* WorldTrotter */,
				224C6DE41F84A00F00AAA45C /* WorldTrotterTests */,
				224C6DEF1F84A00F00AAA45C /* WorldTrotterUITests */,
			);
		};
/* End PBXProject section */

/* Begin PBXResourcesBuildPhase section */
		224C6DCF1F84A00F00AAA45C /* Resources */ = {
			isa = PBXResourcesBuildPhase;
			buildActionMask = 2147483647;
			files = (
				224C6DDF1F84A00F00AAA45C /* LaunchScreen.storyboard in Resources */,
				224C6DDC1F84A00F00AAA45C /* Assets.xcassets in Resources */,
				224C6DDA1F84A00F00AAA45C /* Main.storyboard in Resources */,
			);
			runOnlyForDeploymentPostprocessing = 0;
		};
		224C6DE31F84A00F00AAA45C /* Resources */ = {
			isa = PBXResourcesBuildPhase;
			buildActionMask = 2147483647;
			files = (
			);
			runOnlyForDeploymentPostprocessing = 0;
		};
		224C6DEE1F84A00F00AAA45C /* Resources */ = {
			isa = PBXResourcesBuildPhase;
			buildActionMask = 2147483647;
			files = (
			);
			runOnlyForDeploymentPostprocessing = 0;
		};
/* End PBXResourcesBuildPhase section */

/* Begin PBXSourcesBuildPhase section */
		224C6DCD1F84A00F00AAA45C /* Sources */ = {
			isa = PBXSourcesBuildPhase;
			buildActionMask = 2147483647;
			files = (
				224C6DD71F84A00F00AAA45C /* ViewController.swift in Sources */,
				224C6DD51F84A00F00AAA45C /* AppDelegate.swift in Sources */,
			);
			runOnlyForDeploymentPostprocessing = 0;
		};
		224C6DE11F84A00F00AAA45C /* Sources */ = {
			isa = PBXSourcesBuildPhase;
			buildActionMask = 2147483647;
			files = (
				224C6DEA1F84A00F00AAA45C /* WorldTrotterTests.swift in Sources */,
			);
			runOnlyForDeploymentPostprocessing = 0;
		};
		224C6DEC1F84A00F00AAA45C /* Sources */ = {
			isa = PBXSourcesBuildPhase;
			buildActionMask = 2147483647;
			files = (
				224C6DF51F84A00F00AAA45C /* WorldTrotterUITests.swift in Sources */,
			);
			runOnlyForDeploymentPostprocessing = 0;
		};
/* End PBXSourcesBuildPhase section */

/* Begin PBXTargetDependency section */
		224C6DE71F84A00F00AAA45C /* PBXTargetDependency */ = {
			isa = PBXTargetDependency;
			target = 224C6DD01F84A00F00AAA45C /* WorldTrotter */;
			targetProxy = 224C6DE61F84A00F00AAA45C /* PBXContainerItemProxy */;
		};
		224C6DF21F84A00F00AAA45C /* PBXTargetDependency */ = {
			isa = PBXTargetDependency;
			target = 224C6DD01F84A00F00AAA45C /* WorldTrotter */;
			targetProxy = 224C6DF11F84A00F00AAA45C /* PBXContainerItemProxy */;
		};
/* End PBXTargetDependency section */

/* Begin PBXVariantGroup section */
		224C6DD81F84A00F00AAA45C /* Main.storyboard */ = {
			isa = PBXVariantGroup;
			children = (
				224C6DD91F84A00F00AAA45C /* Base */,
			);
			name = Main.storyboard;
			sourceTree = "<group>";
		};
		224C6DDD1F84A00F00AAA45C /* LaunchScreen.storyboard */ = {
			isa = PBXVariantGroup;
			children = (
				224C6DDE1F84A00F00AAA45C /* Base */,
			);
			name = LaunchScreen.storyboard;
			sourceTree = "<group>";
		};
/* End PBXVariantGroup section */

/* Begin XCBuildConfiguration section */
		224C6DF71F84A00F00AAA45C /* Debug */ = {
			isa = XCBuildConfiguration;
			buildSettings = {
				ALWAYS_SEARCH_USER_PATHS = NO;
				CLANG_ANALYZER_NONNULL = YES;
				CLANG_ANALYZER_NUMBER_OBJECT_CONVERSION = YES_AGGRESSIVE;
				CLANG_CXX_LANGUAGE_STANDARD = "gnu++14";
				CLANG_CXX_LIBRARY = "libc++";
				CLANG_ENABLE_MODULES = YES;
				CLANG_ENABLE_OBJC_ARC = YES;
				CLANG_WARN_BLOCK_CAPTURE_AUTORELEASING = YES;
				CLANG_WARN_BOOL_CONVERSION = YES;
				CLANG_WARN_COMMA = YES;
				CLANG_WARN_CONSTANT_CONVERSION = YES;
				CLANG_WARN_DIRECT_OBJC_ISA_USAGE = YES_ERROR;
				CLANG_WARN_DOCUMENTATION_COMMENTS = YES;
				CLANG_WARN_EMPTY_BODY = YES;
				CLANG_WARN_ENUM_CONVERSION = YES;
				CLANG_WARN_INFINITE_RECURSION = YES;
				CLANG_WARN_INT_CONVERSION = YES;
				CLANG_WARN_NON_LITERAL_NULL_CONVERSION = YES;
				CLANG_WARN_OBJC_LITERAL_CONVERSION = YES;
				CLANG_WARN_OBJC_ROOT_CLASS = YES_ERROR;
				CLANG_WARN_RANGE_LOOP_ANALYSIS = YES;
				CLANG_WARN_STRICT_PROTOTYPES = YES;
				CLANG_WARN_SUSPICIOUS_MOVE = YES;
				CLANG_WARN_UNGUARDED_AVAILABILITY = YES_AGGRESSIVE;
				CLANG_WARN_UNREACHABLE_CODE = YES;
				CLANG_WARN__DUPLICATE_METHOD_MATCH = YES;
				CODE_SIGN_IDENTITY = "iPhone Developer";
				COPY_PHASE_STRIP = NO;
				DEBUG_INFORMATION_FORMAT = dwarf;
				ENABLE_STRICT_OBJC_MSGSEND = YES;
				ENABLE_TESTABILITY = YES;
				GCC_C_LANGUAGE_STANDARD = gnu11;
				GCC_DYNAMIC_NO_PIC = NO;
				GCC_NO_COMMON_BLOCKS = YES;
				GCC_OPTIMIZATION_LEVEL = 0;
				GCC_PREPROCESSOR_DEFINITIONS = (
					"DEBUG=1",
					"$(inherited)",
				);
				GCC_WARN_64_TO_32_BIT_CONVERSION = YES;
				GCC_WARN_ABOUT_RETURN_TYPE = YES_ERROR;
				GCC_WARN_UNDECLARED_SELECTOR = YES;
				GCC_WARN_UNINITIALIZED_AUTOS = YES_AGGRESSIVE;
				GCC_WARN_UNUSED_FUNCTION = YES;
				GCC_WARN_UNUSED_VARIABLE = YES;
				IPHONEOS_DEPLOYMENT_TARGET = 11.0;
				MTL_ENABLE_DEBUG_INFO = YES;
				ONLY_ACTIVE_ARCH = YES;
				SDKROOT = iphoneos;
				SWIFT_ACTIVE_COMPILATION_CONDITIONS = DEBUG;
				SWIFT_OPTIMIZATION_LEVEL = "-Onone";
			};
			name = Debug;
		};
		224C6DF81F84A00F00AAA45C /* Release */ = {
			isa = XCBuildConfiguration;
			buildSettings = {
				ALWAYS_SEARCH_USER_PATHS = NO;
				CLANG_ANALYZER_NONNULL = YES;
				CLANG_ANALYZER_NUMBER_OBJECT_CONVERSION = YES_AGGRESSIVE;
				CLANG_CXX_LANGUAGE_STANDARD = "gnu++14";
				CLANG_CXX_LIBRARY = "libc++";
				CLANG_ENABLE_MODULES = YES;
				CLANG_ENABLE_OBJC_ARC = YES;
				CLANG_WARN_BLOCK_CAPTURE_AUTORELEASING = YES;
				CLANG_WARN_BOOL_CONVERSION = YES;
				CLANG_WARN_COMMA = YES;
				CLANG_WARN_CONSTANT_CONVERSION = YES;
				CLANG_WARN_DIRECT_OBJC_ISA_USAGE = YES_ERROR;
				CLANG_WARN_DOCUMENTATION_COMMENTS = YES;
				CLANG_WARN_EMPTY_BODY = YES;
				CLANG_WARN_ENUM_CONVERSION = YES;
				CLANG_WARN_INFINITE_RECURSION = YES;
				CLANG_WARN_INT_CONVERSION = YES;
				CLANG_WARN_NON_LITERAL_NULL_CONVERSION = YES;
				CLANG_WARN_OBJC_LITERAL_CONVERSION = YES;
				CLANG_WARN_OBJC_ROOT_CLASS = YES_ERROR;
				CLANG_WARN_RANGE_LOOP_ANALYSIS = YES;
				CLANG_WARN_STRICT_PROTOTYPES = YES;
				CLANG_WARN_SUSPICIOUS_MOVE = YES;
				CLANG_WARN_UNGUARDED_AVAILABILITY = YES_AGGRESSIVE;
				CLANG_WARN_UNREACHABLE_CODE = YES;
				CLANG_WARN__DUPLICATE_METHOD_MATCH = YES;
				CODE_SIGN_IDENTITY = "iPhone Developer";
				COPY_PHASE_STRIP = NO;
				DEBUG_INFORMATION_FORMAT = "dwarf-with-dsym";
				ENABLE_NS_ASSERTIONS = NO;
				ENABLE_STRICT_OBJC_MSGSEND = YES;
				GCC_C_LANGUAGE_STANDARD = gnu11;
				GCC_NO_COMMON_BLOCKS = YES;
				GCC_WARN_64_TO_32_BIT_CONVERSION = YES;
				GCC_WARN_ABOUT_RETURN_TYPE = YES_ERROR;
				GCC_WARN_UNDECLARED_SELECTOR = YES;
				GCC_WARN_UNINITIALIZED_AUTOS = YES_AGGRESSIVE;
				GCC_WARN_UNUSED_FUNCTION = YES;
				GCC_WARN_UNUSED_VARIABLE = YES;
				IPHONEOS_DEPLOYMENT_TARGET = 11.0;
				MTL_ENABLE_DEBUG_INFO = NO;
				SDKROOT = iphoneos;
				SWIFT_OPTIMIZATION_LEVEL = "-Owholemodule";
				VALIDATE_PRODUCT = YES;
			};
			name = Release;
		};
		224C6DFA1F84A00F00AAA45C /* Debug */ = {
			isa = XCBuildConfiguration;
			buildSettings = {
				ASSETCATALOG_COMPILER_APPICON_NAME = AppIcon;
				CODE_SIGN_STYLE = Automatic;
				DEVELOPMENT_TEAM = T7L2FQY8CD;
				INFOPLIST_FILE = WorldTrotter/Info.plist;
				LD_RUNPATH_SEARCH_PATHS = "$(inherited) @executable_path/Frameworks";
				PRODUCT_BUNDLE_IDENTIFIER = com.alftaurus.WorldTrotter;
				PRODUCT_NAME = "$(TARGET_NAME)";
				SWIFT_VERSION = 4.0;
				TARGETED_DEVICE_FAMILY = "1,2";
			};
			name = Debug;
		};
		224C6DFB1F84A00F00AAA45C /* Release */ = {
			isa = XCBuildConfiguration;
			buildSettings = {
				ASSETCATALOG_COMPILER_APPICON_NAME = AppIcon;
				CODE_SIGN_STYLE = Automatic;
				DEVELOPMENT_TEAM = T7L2FQY8CD;
				INFOPLIST_FILE = WorldTrotter/Info.plist;
				LD_RUNPATH_SEARCH_PATHS = "$(inherited) @executable_path/Frameworks";
				PRODUCT_BUNDLE_IDENTIFIER = com.alftaurus.WorldTrotter;
				PRODUCT_NAME = "$(TARGET_NAME)";
				SWIFT_VERSION = 4.0;
				TARGETED_DEVICE_FAMILY = "1,2";
			};
			name = Release;
		};
		224C6DFD1F84A00F00AAA45C /* Debug */ = {
			isa = XCBuildConfiguration;
			buildSettings = {
				ALWAYS_EMBED_SWIFT_STANDARD_LIBRARIES = YES;
				BUNDLE_LOADER = "$(TEST_HOST)";
				CODE_SIGN_STYLE = Automatic;
				DEVELOPMENT_TEAM = T7L2FQY8CD;
				INFOPLIST_FILE = WorldTrotterTests/Info.plist;
				LD_RUNPATH_SEARCH_PATHS = "$(inherited) @executable_path/Frameworks @loader_path/Frameworks";
				PRODUCT_BUNDLE_IDENTIFIER = com.alftaurus.WorldTrotterTests;
				PRODUCT_NAME = "$(TARGET_NAME)";
				SWIFT_VERSION = 4.0;
				TARGETED_DEVICE_FAMILY = "1,2";
				TEST_HOST = "$(BUILT_PRODUCTS_DIR)/WorldTrotter.app/WorldTrotter";
			};
			name = Debug;
		};
		224C6DFE1F84A00F00AAA45C /* Release */ = {
			isa = XCBuildConfiguration;
			buildSettings = {
				ALWAYS_EMBED_SWIFT_STANDARD_LIBRARIES = YES;
				BUNDLE_LOADER = "$(TEST_HOST)";
				CODE_SIGN_STYLE = Automatic;
				DEVELOPMENT_TEAM = T7L2FQY8CD;
				INFOPLIST_FILE = WorldTrotterTests/Info.plist;
				LD_RUNPATH_SEARCH_PATHS = "$(inherited) @executable_path/Frameworks @loader_path/Frameworks";
				PRODUCT_BUNDLE_IDENTIFIER = com.alftaurus.WorldTrotterTests;
				PRODUCT_NAME = "$(TARGET_NAME)";
				SWIFT_VERSION = 4.0;
				TARGETED_DEVICE_FAMILY = "1,2";
				TEST_HOST = "$(BUILT_PRODUCTS_DIR)/WorldTrotter.app/WorldTrotter";
			};
			name = Release;
		};
		224C6E001F84A00F00AAA45C /* Debug */ = {
			isa = XCBuildConfiguration;
			buildSettings = {
				ALWAYS_EMBED_SWIFT_STANDARD_LIBRARIES = YES;
				CODE_SIGN_STYLE = Automatic;
				DEVELOPMENT_TEAM = T7L2FQY8CD;
				INFOPLIST_FILE = WorldTrotterUITests/Info.plist;
				LD_RUNPATH_SEARCH_PATHS = "$(inherited) @executable_path/Frameworks @loader_path/Frameworks";
				PRODUCT_BUNDLE_IDENTIFIER = com.alftaurus.WorldTrotterUITests;
				PRODUCT_NAME = "$(TARGET_NAME)";
				SWIFT_VERSION = 4.0;
				TARGETED_DEVICE_FAMILY = "1,2";
				TEST_TARGET_NAME = WorldTrotter;
			};
			name = Debug;
		};
		224C6E011F84A00F00AAA45C /* Release */ = {
			isa = XCBuildConfiguration;
			buildSettings = {
				ALWAYS_EMBED_SWIFT_STANDARD_LIBRARIES = YES;
				CODE_SIGN_STYLE = Automatic;
				DEVELOPMENT_TEAM = T7L2FQY8CD;
				INFOPLIST_FILE = WorldTrotterUITests/Info.plist;
				LD_RUNPATH_SEARCH_PATHS = "$(inherited) @executable_path/Frameworks @loader_path/Frameworks";
				PRODUCT_BUNDLE_IDENTIFIER = com.alftaurus.WorldTrotterUITests;
				PRODUCT_NAME = "$(TARGET_NAME)";
				SWIFT_VERSION = 4.0;
				TARGETED_DEVICE_FAMILY = "1,2";
				TEST_TARGET_NAME = WorldTrotter;
			};
			name = Release;
		};
/* End XCBuildConfiguration section */

/* Begin XCConfigurationList section */
		224C6DCC1F84A00F00AAA45C /* Build configuration list for PBXProject "WorldTrotter" */ = {
			isa = XCConfigurationList;
			buildConfigurations = (
				224C6DF71F84A00F00AAA45C /* Debug */,
				224C6DF81F84A00F00AAA45C /* Release */,
			);
			defaultConfigurationIsVisible = 0;
			defaultConfigurationName = Release;
		};
		224C6DF91F84A00F00AAA45C /* Build configuration list for PBXNativeTarget "WorldTrotter" */ = {
			isa = XCConfigurationList;
			buildConfigurations = (
				224C6DFA1F84A00F00AAA45C /* Debug */,
				224C6DFB1F84A00F00AAA45C /* Release */,
			);
			defaultConfigurationIsVisible = 0;
			defaultConfigurationName = Release;
		};
		224C6DFC1F84A00F00AAA45C /* Build configuration list for PBXNativeTarget "WorldTrotterTests" */ = {
			isa = XCConfigurationList;
			buildConfigurations = (
				224C6DFD1F84A00F00AAA45C /* Debug */,
				224C6DFE1F84A00F00AAA45C /* Release */,
			);
			defaultConfigurationIsVisible = 0;
			defaultConfigurationName = Release;
		};
		224C6DFF1F84A00F00AAA45C /* Build configuration list for PBXNativeTarget "WorldTrotterUITests" */ = {
			isa = XCConfigurationList;
			buildConfigurations = (
				224C6E001F84A00F00AAA45C /* Debug */,
				224C6E011F84A00F00AAA45C /* Release */,
			);
			defaultConfigurationIsVisible = 0;
			defaultConfigurationName = Release;
		};
/* End XCConfigurationList section */
	};
	rootObject = 224C6DC91F84A00F00AAA45C /* Project object */;
}
