// !$*UTF8*$!
{
	archiveVersion = 1;
	classes = {
	};
	objectVersion = 48;
	objects = {

/* Begin PBXBuildFile section */
		224C6E0F1F85310900AAA45C /* AppDelegate.swift in Sources */ = {isa = PBXBuildFile; fileRef = 224C6E0E1F85310900AAA45C /* AppDelegate.swift */; };
		224C6E111F85310900AAA45C /* ViewController.swift in Sources */ = {isa = PBXBuildFile; fileRef = 224C6E101F85310900AAA45C /* ViewController.swift */; };
		224C6E141F85310900AAA45C /* Main.storyboard in Resources */ = {isa = PBXBuildFile; fileRef = 224C6E121F85310900AAA45C /* Main.storyboard */; };
		224C6E171F85310900AAA45C /* UIScrollView__UICollectionView_Challenge.xcdatamodeld in Sources */ = {isa = PBXBuildFile; fileRef = 224C6E151F85310900AAA45C /* UIScrollView__UICollectionView_Challenge.xcdatamodeld */; };
		224C6E191F85310900AAA45C /* Assets.xcassets in Resources */ = {isa = PBXBuildFile; fileRef = 224C6E181F85310900AAA45C /* Assets.xcassets */; };
		224C6E1C1F85310900AAA45C /* LaunchScreen.storyboard in Resources */ = {isa = PBXBuildFile; fileRef = 224C6E1A1F85310900AAA45C /* LaunchScreen.storyboard */; };
		224C6E271F85310900AAA45C /* UIScrollView__UICollectionView_ChallengeTests.swift in Sources */ = {isa = PBXBuildFile; fileRef = 224C6E261F85310900AAA45C /* UIScrollView__UICollectionView_ChallengeTests.swift */; };
		224C6E321F85310900AAA45C /* UIScrollView__UICollectionView_ChallengeUITests.swift in Sources */ = {isa = PBXBuildFile; fileRef = 224C6E311F85310900AAA45C /* UIScrollView__UICollectionView_ChallengeUITests.swift */; };
/* End PBXBuildFile section */

/* Begin PBXContainerItemProxy section */
		224C6E231F85310900AAA45C /* PBXContainerItemProxy */ = {
			isa = PBXContainerItemProxy;
			containerPortal = 224C6E031F85310900AAA45C /* Project object */;
			proxyType = 1;
			remoteGlobalIDString = 224C6E0A1F85310900AAA45C;
			remoteInfo = "UIScrollView, UICollectionView Challenge";
		};
		224C6E2E1F85310900AAA45C /* PBXContainerItemProxy */ = {
			isa = PBXContainerItemProxy;
			containerPortal = 224C6E031F85310900AAA45C /* Project object */;
			proxyType = 1;
			remoteGlobalIDString = 224C6E0A1F85310900AAA45C;
			remoteInfo = "UIScrollView, UICollectionView Challenge";
		};
/* End PBXContainerItemProxy section */

/* Begin PBXFileReference section */
		224C6E0B1F85310900AAA45C /* UIScrollView, UICollectionView Challenge.app */ = {isa = PBXFileReference; explicitFileType = wrapper.application; includeInIndex = 0; path = "UIScrollView, UICollectionView Challenge.app"; sourceTree = BUILT_PRODUCTS_DIR; };
		224C6E0E1F85310900AAA45C /* AppDelegate.swift */ = {isa = PBXFileReference; lastKnownFileType = sourcecode.swift; path = AppDelegate.swift; sourceTree = "<group>"; };
		224C6E101F85310900AAA45C /* ViewController.swift */ = {isa = PBXFileReference; lastKnownFileType = sourcecode.swift; path = ViewController.swift; sourceTree = "<group>"; };
		224C6E131F85310900AAA45C /* Base */ = {isa = PBXFileReference; lastKnownFileType = file.storyboard; name = Base; path = Base.lproj/Main.storyboard; sourceTree = "<group>"; };
		224C6E161F85310900AAA45C /* UIScrollView__UICollectionView_Challenge.xcdatamodel */ = {isa = PBXFileReference; lastKnownFileType = wrapper.xcdatamodel; path = UIScrollView__UICollectionView_Challenge.xcdatamodel; sourceTree = "<group>"; };
		224C6E181F85310900AAA45C /* Assets.xcassets */ = {isa = PBXFileReference; lastKnownFileType = folder.assetcatalog; path = Assets.xcassets; sourceTree = "<group>"; };
		224C6E1B1F85310900AAA45C /* Base */ = {isa = PBXFileReference; lastKnownFileType = file.storyboard; name = Base; path = Base.lproj/LaunchScreen.storyboard; sourceTree = "<group>"; };
		224C6E1D1F85310900AAA45C /* Info.plist */ = {isa = PBXFileReference; lastKnownFileType = text.plist.xml; path = Info.plist; sourceTree = "<group>"; };
		224C6E221F85310900AAA45C /* UIScrollView, UICollectionView ChallengeTests.xctest */ = {isa = PBXFileReference; explicitFileType = wrapper.cfbundle; includeInIndex = 0; path = "UIScrollView, UICollectionView ChallengeTests.xctest"; sourceTree = BUILT_PRODUCTS_DIR; };
		224C6E261F85310900AAA45C /* UIScrollView__UICollectionView_ChallengeTests.swift */ = {isa = PBXFileReference; lastKnownFileType = sourcecode.swift; path = UIScrollView__UICollectionView_ChallengeTests.swift; sourceTree = "<group>"; };
		224C6E281F85310900AAA45C /* Info.plist */ = {isa = PBXFileReference; lastKnownFileType = text.plist.xml; path = Info.plist; sourceTree = "<group>"; };
		224C6E2D1F85310900AAA45C /* UIScrollView, UICollectionView ChallengeUITests.xctest */ = {isa = PBXFileReference; explicitFileType = wrapper.cfbundle; includeInIndex = 0; path = "UIScrollView, UICollectionView ChallengeUITests.xctest"; sourceTree = BUILT_PRODUCTS_DIR; };
		224C6E311F85310900AAA45C /* UIScrollView__UICollectionView_ChallengeUITests.swift */ = {isa = PBXFileReference; lastKnownFileType = sourcecode.swift; path = UIScrollView__UICollectionView_ChallengeUITests.swift; sourceTree = "<group>"; };
		224C6E331F85310900AAA45C /* Info.plist */ = {isa = PBXFileReference; lastKnownFileType = text.plist.xml; path = Info.plist; sourceTree = "<group>"; };
/* End PBXFileReference section */

/* Begin PBXFrameworksBuildPhase section */
		224C6E081F85310900AAA45C /* Frameworks */ = {
			isa = PBXFrameworksBuildPhase;
			buildActionMask = 2147483647;
			files = (
			);
			runOnlyForDeploymentPostprocessing = 0;
		};
		224C6E1F1F85310900AAA45C /* Frameworks */ = {
			isa = PBXFrameworksBuildPhase;
			buildActionMask = 2147483647;
			files = (
			);
			runOnlyForDeploymentPostprocessing = 0;
		};
		224C6E2A1F85310900AAA45C /* Frameworks */ = {
			isa = PBXFrameworksBuildPhase;
			buildActionMask = 2147483647;
			files = (
			);
			runOnlyForDeploymentPostprocessing = 0;
		};
/* End PBXFrameworksBuildPhase section */

/* Begin PBXGroup section */
		224C6E021F85310900AAA45C = {
			isa = PBXGroup;
			children = (
				224C6E0D1F85310900AAA45C /* UIScrollView, UICollectionView Challenge */,
				224C6E251F85310900AAA45C /* UIScrollView, UICollectionView ChallengeTests */,
				224C6E301F85310900AAA45C /* UIScrollView, UICollectionView ChallengeUITests */,
				224C6E0C1F85310900AAA45C /* Products */,
			);
			sourceTree = "<group>";
		};
		224C6E0C1F85310900AAA45C /* Products */ = {
			isa = PBXGroup;
			children = (
				224C6E0B1F85310900AAA45C /* UIScrollView, UICollectionView Challenge.app */,
				224C6E221F85310900AAA45C /* UIScrollView, UICollectionView ChallengeTests.xctest */,
				224C6E2D1F85310900AAA45C /* UIScrollView, UICollectionView ChallengeUITests.xctest */,
			);
			name = Products;
			sourceTree = "<group>";
		};
		224C6E0D1F85310900AAA45C /* UIScrollView, UICollectionView Challenge */ = {
			isa = PBXGroup;
			children = (
				224C6E0E1F85310900AAA45C /* AppDelegate.swift */,
				224C6E101F85310900AAA45C /* ViewController.swift */,
				224C6E121F85310900AAA45C /* Main.storyboard */,
				224C6E181F85310900AAA45C /* Assets.xcassets */,
				224C6E1A1F85310900AAA45C /* LaunchScreen.storyboard */,
				224C6E1D1F85310900AAA45C /* Info.plist */,
				224C6E151F85310900AAA45C /* UIScrollView__UICollectionView_Challenge.xcdatamodeld */,
			);
			path = "UIScrollView, UICollectionView Challenge";
			sourceTree = "<group>";
		};
		224C6E251F85310900AAA45C /* UIScrollView, UICollectionView ChallengeTests */ = {
			isa = PBXGroup;
			children = (
				224C6E261F85310900AAA45C /* UIScrollView__UICollectionView_ChallengeTests.swift */,
				224C6E281F85310900AAA45C /* Info.plist */,
			);
			path = "UIScrollView, UICollectionView ChallengeTests";
			sourceTree = "<group>";
		};
		224C6E301F85310900AAA45C /* UIScrollView, UICollectionView ChallengeUITests */ = {
			isa = PBXGroup;
			children = (
				224C6E311F85310900AAA45C /* UIScrollView__UICollectionView_ChallengeUITests.swift */,
				224C6E331F85310900AAA45C /* Info.plist */,
			);
			path = "UIScrollView, UICollectionView ChallengeUITests";
			sourceTree = "<group>";
		};
/* End PBXGroup section */

/* Begin PBXNativeTarget section */
		224C6E0A1F85310900AAA45C /* UIScrollView, UICollectionView Challenge */ = {
			isa = PBXNativeTarget;
			buildConfigurationList = 224C6E361F85310900AAA45C /* Build configuration list for PBXNativeTarget "UIScrollView, UICollectionView Challenge" */;
			buildPhases = (
				224C6E071F85310900AAA45C /* Sources */,
				224C6E081F85310900AAA45C /* Frameworks */,
				224C6E091F85310900AAA45C /* Resources */,
			);
			buildRules = (
			);
			dependencies = (
			);
			name = "UIScrollView, UICollectionView Challenge";
			productName = "UIScrollView, UICollectionView Challenge";
			productReference = 224C6E0B1F85310900AAA45C /* UIScrollView, UICollectionView Challenge.app */;
			productType = "com.apple.product-type.application";
		};
		224C6E211F85310900AAA45C /* UIScrollView, UICollectionView ChallengeTests */ = {
			isa = PBXNativeTarget;
			buildConfigurationList = 224C6E391F85310900AAA45C /* Build configuration list for PBXNativeTarget "UIScrollView, UICollectionView ChallengeTests" */;
			buildPhases = (
				224C6E1E1F85310900AAA45C /* Sources */,
				224C6E1F1F85310900AAA45C /* Frameworks */,
				224C6E201F85310900AAA45C /* Resources */,
			);
			buildRules = (
			);
			dependencies = (
				224C6E241F85310900AAA45C /* PBXTargetDependency */,
			);
			name = "UIScrollView, UICollectionView ChallengeTests";
			productName = "UIScrollView, UICollectionView ChallengeTests";
			productReference = 224C6E221F85310900AAA45C /* UIScrollView, UICollectionView ChallengeTests.xctest */;
			productType = "com.apple.product-type.bundle.unit-test";
		};
		224C6E2C1F85310900AAA45C /* UIScrollView, UICollectionView ChallengeUITests */ = {
			isa = PBXNativeTarget;
			buildConfigurationList = 224C6E3C1F85310900AAA45C /* Build configuration list for PBXNativeTarget "UIScrollView, UICollectionView ChallengeUITests" */;
			buildPhases = (
				224C6E291F85310900AAA45C /* Sources */,
				224C6E2A1F85310900AAA45C /* Frameworks */,
				224C6E2B1F85310900AAA45C /* Resources */,
			);
			buildRules = (
			);
			dependencies = (
				224C6E2F1F85310900AAA45C /* PBXTargetDependency */,
			);
			name = "UIScrollView, UICollectionView ChallengeUITests";
			productName = "UIScrollView, UICollectionView ChallengeUITests";
			productReference = 224C6E2D1F85310900AAA45C /* UIScrollView, UICollectionView ChallengeUITests.xctest */;
			productType = "com.apple.product-type.bundle.ui-testing";
		};
/* End PBXNativeTarget section */

/* Begin PBXProject section */
		224C6E031F85310900AAA45C /* Project object */ = {
			isa = PBXProject;
			attributes = {
				LastSwiftUpdateCheck = 0900;
				LastUpgradeCheck = 0900;
				ORGANIZATIONNAME = "Alfonso Torres";
				TargetAttributes = {
					224C6E0A1F85310900AAA45C = {
						CreatedOnToolsVersion = 9.0;
						ProvisioningStyle = Automatic;
					};
					224C6E211F85310900AAA45C = {
						CreatedOnToolsVersion = 9.0;
						ProvisioningStyle = Automatic;
						TestTargetID = 224C6E0A1F85310900AAA45C;
					};
					224C6E2C1F85310900AAA45C = {
						CreatedOnToolsVersion = 9.0;
						ProvisioningStyle = Automatic;
						TestTargetID = 224C6E0A1F85310900AAA45C;
					};
				};
			};
			buildConfigurationList = 224C6E061F85310900AAA45C /* Build configuration list for PBXProject "UIScrollView, UICollectionView Challenge" */;
			compatibilityVersion = "Xcode 8.0";
			developmentRegion = en;
			hasScannedForEncodings = 0;
			knownRegions = (
				en,
				Base,
			);
			mainGroup = 224C6E021F85310900AAA45C;
			productRefGroup = 224C6E0C1F85310900AAA45C /* Products */;
			projectDirPath = "";
			projectRoot = "";
			targets = (
				224C6E0A1F85310900AAA45C /* UIScrollView, UICollectionView Challenge */,
				224C6E211F85310900AAA45C /* UIScrollView, UICollectionView ChallengeTests */,
				224C6E2C1F85310900AAA45C /* UIScrollView, UICollectionView ChallengeUITests */,
			);
		};
/* End PBXProject section */

/* Begin PBXResourcesBuildPhase section */
		224C6E091F85310900AAA45C /* Resources */ = {
			isa = PBXResourcesBuildPhase;
			buildActionMask = 2147483647;
			files = (
				224C6E1C1F85310900AAA45C /* LaunchScreen.storyboard in Resources */,
				224C6E191F85310900AAA45C /* Assets.xcassets in Resources */,
				224C6E141F85310900AAA45C /* Main.storyboard in Resources */,
			);
			runOnlyForDeploymentPostprocessing = 0;
		};
		224C6E201F85310900AAA45C /* Resources */ = {
			isa = PBXResourcesBuildPhase;
			buildActionMask = 2147483647;
			files = (
			);
			runOnlyForDeploymentPostprocessing = 0;
		};
		224C6E2B1F85310900AAA45C /* Resources */ = {
			isa = PBXResourcesBuildPhase;
			buildActionMask = 2147483647;
			files = (
			);
			runOnlyForDeploymentPostprocessing = 0;
		};
/* End PBXResourcesBuildPhase section */

/* Begin PBXSourcesBuildPhase section */
		224C6E071F85310900AAA45C /* Sources */ = {
			isa = PBXSourcesBuildPhase;
			buildActionMask = 2147483647;
			files = (
				224C6E111F85310900AAA45C /* ViewController.swift in Sources */,
				224C6E0F1F85310900AAA45C /* AppDelegate.swift in Sources */,
				224C6E171F85310900AAA45C /* UIScrollView__UICollectionView_Challenge.xcdatamodeld in Sources */,
			);
			runOnlyForDeploymentPostprocessing = 0;
		};
		224C6E1E1F85310900AAA45C /* Sources */ = {
			isa = PBXSourcesBuildPhase;
			buildActionMask = 2147483647;
			files = (
				224C6E271F85310900AAA45C /* UIScrollView__UICollectionView_ChallengeTests.swift in Sources */,
			);
			runOnlyForDeploymentPostprocessing = 0;
		};
		224C6E291F85310900AAA45C /* Sources */ = {
			isa = PBXSourcesBuildPhase;
			buildActionMask = 2147483647;
			files = (
				224C6E321F85310900AAA45C /* UIScrollView__UICollectionView_ChallengeUITests.swift in Sources */,
			);
			runOnlyForDeploymentPostprocessing = 0;
		};
/* End PBXSourcesBuildPhase section */

/* Begin PBXTargetDependency section */
		224C6E241F85310900AAA45C /* PBXTargetDependency */ = {
			isa = PBXTargetDependency;
			target = 224C6E0A1F85310900AAA45C /* UIScrollView, UICollectionView Challenge */;
			targetProxy = 224C6E231F85310900AAA45C /* PBXContainerItemProxy */;
		};
		224C6E2F1F85310900AAA45C /* PBXTargetDependency */ = {
			isa = PBXTargetDependency;
			target = 224C6E0A1F85310900AAA45C /* UIScrollView, UICollectionView Challenge */;
			targetProxy = 224C6E2E1F85310900AAA45C /* PBXContainerItemProxy */;
		};
/* End PBXTargetDependency section */

/* Begin PBXVariantGroup section */
		224C6E121F85310900AAA45C /* Main.storyboard */ = {
			isa = PBXVariantGroup;
			children = (
				224C6E131F85310900AAA45C /* Base */,
			);
			name = Main.storyboard;
			sourceTree = "<group>";
		};
		224C6E1A1F85310900AAA45C /* LaunchScreen.storyboard */ = {
			isa = PBXVariantGroup;
			children = (
				224C6E1B1F85310900AAA45C /* Base */,
			);
			name = LaunchScreen.storyboard;
			sourceTree = "<group>";
		};
/* End PBXVariantGroup section */

/* Begin XCBuildConfiguration section */
		224C6E341F85310900AAA45C /* Debug */ = {
			isa = XCBuildConfiguration;
			buildSettings = {
				ALWAYS_SEARCH_USER_PATHS = NO;
				CLANG_ANALYZER_NONNULL = YES;
				CLANG_ANALYZER_NUMBER_OBJECT_CONVERSION = YES_AGGRESSIVE;
				CLANG_CXX_LANGUAGE_STANDARD = "gnu++14";
				CLANG_CXX_LIBRARY = "libc++";
				CLANG_ENABLE_MODULES = YES;
				CLANG_ENABLE_OBJC_ARC = YES;
				CLANG_WARN_BLOCK_CAPTURE_AUTORELEASING = YES;
				CLANG_WARN_BOOL_CONVERSION = YES;
				CLANG_WARN_COMMA = YES;
				CLANG_WARN_CONSTANT_CONVERSION = YES;
				CLANG_WARN_DIRECT_OBJC_ISA_USAGE = YES_ERROR;
				CLANG_WARN_DOCUMENTATION_COMMENTS = YES;
				CLANG_WARN_EMPTY_BODY = YES;
				CLANG_WARN_ENUM_CONVERSION = YES;
				CLANG_WARN_INFINITE_RECURSION = YES;
				CLANG_WARN_INT_CONVERSION = YES;
				CLANG_WARN_NON_LITERAL_NULL_CONVERSION = YES;
				CLANG_WARN_OBJC_LITERAL_CONVERSION = YES;
				CLANG_WARN_OBJC_ROOT_CLASS = YES_ERROR;
				CLANG_WARN_RANGE_LOOP_ANALYSIS = YES;
				CLANG_WARN_STRICT_PROTOTYPES = YES;
				CLANG_WARN_SUSPICIOUS_MOVE = YES;
				CLANG_WARN_UNGUARDED_AVAILABILITY = YES_AGGRESSIVE;
				CLANG_WARN_UNREACHABLE_CODE = YES;
				CLANG_WARN__DUPLICATE_METHOD_MATCH = YES;
				CODE_SIGN_IDENTITY = "iPhone Developer";
				COPY_PHASE_STRIP = NO;
				DEBUG_INFORMATION_FORMAT = dwarf;
				ENABLE_STRICT_OBJC_MSGSEND = YES;
				ENABLE_TESTABILITY = YES;
				GCC_C_LANGUAGE_STANDARD = gnu11;
				GCC_DYNAMIC_NO_PIC = NO;
				GCC_NO_COMMON_BLOCKS = YES;
				GCC_OPTIMIZATION_LEVEL = 0;
				GCC_PREPROCESSOR_DEFINITIONS = (
					"DEBUG=1",
					"$(inherited)",
				);
				GCC_WARN_64_TO_32_BIT_CONVERSION = YES;
				GCC_WARN_ABOUT_RETURN_TYPE = YES_ERROR;
				GCC_WARN_UNDECLARED_SELECTOR = YES;
				GCC_WARN_UNINITIALIZED_AUTOS = YES_AGGRESSIVE;
				GCC_WARN_UNUSED_FUNCTION = YES;
				GCC_WARN_UNUSED_VARIABLE = YES;
				IPHONEOS_DEPLOYMENT_TARGET = 11.0;
				MTL_ENABLE_DEBUG_INFO = YES;
				ONLY_ACTIVE_ARCH = YES;
				SDKROOT = iphoneos;
				SWIFT_ACTIVE_COMPILATION_CONDITIONS = DEBUG;
				SWIFT_OPTIMIZATION_LEVEL = "-Onone";
			};
			name = Debug;
		};
		224C6E351F85310900AAA45C /* Release */ = {
			isa = XCBuildConfiguration;
			buildSettings = {
				ALWAYS_SEARCH_USER_PATHS = NO;
				CLANG_ANALYZER_NONNULL = YES;
				CLANG_ANALYZER_NUMBER_OBJECT_CONVERSION = YES_AGGRESSIVE;
				CLANG_CXX_LANGUAGE_STANDARD = "gnu++14";
				CLANG_CXX_LIBRARY = "libc++";
				CLANG_ENABLE_MODULES = YES;
				CLANG_ENABLE_OBJC_ARC = YES;
				CLANG_WARN_BLOCK_CAPTURE_AUTORELEASING = YES;
				CLANG_WARN_BOOL_CONVERSION = YES;
				CLANG_WARN_COMMA = YES;
				CLANG_WARN_CONSTANT_CONVERSION = YES;
				CLANG_WARN_DIRECT_OBJC_ISA_USAGE = YES_ERROR;
				CLANG_WARN_DOCUMENTATION_COMMENTS = YES;
				CLANG_WARN_EMPTY_BODY = YES;
				CLANG_WARN_ENUM_CONVERSION = YES;
				CLANG_WARN_INFINITE_RECURSION = YES;
				CLANG_WARN_INT_CONVERSION = YES;
				CLANG_WARN_NON_LITERAL_NULL_CONVERSION = YES;
				CLANG_WARN_OBJC_LITERAL_CONVERSION = YES;
				CLANG_WARN_OBJC_ROOT_CLASS = YES_ERROR;
				CLANG_WARN_RANGE_LOOP_ANALYSIS = YES;
				CLANG_WARN_STRICT_PROTOTYPES = YES;
				CLANG_WARN_SUSPICIOUS_MOVE = YES;
				CLANG_WARN_UNGUARDED_AVAILABILITY = YES_AGGRESSIVE;
				CLANG_WARN_UNREACHABLE_CODE = YES;
				CLANG_WARN__DUPLICATE_METHOD_MATCH = YES;
				CODE_SIGN_IDENTITY = "iPhone Developer";
				COPY_PHASE_STRIP = NO;
				DEBUG_INFORMATION_FORMAT = "dwarf-with-dsym";
				ENABLE_NS_ASSERTIONS = NO;
				ENABLE_STRICT_OBJC_MSGSEND = YES;
				GCC_C_LANGUAGE_STANDARD = gnu11;
				GCC_NO_COMMON_BLOCKS = YES;
				GCC_WARN_64_TO_32_BIT_CONVERSION = YES;
				GCC_WARN_ABOUT_RETURN_TYPE = YES_ERROR;
				GCC_WARN_UNDECLARED_SELECTOR = YES;
				GCC_WARN_UNINITIALIZED_AUTOS = YES_AGGRESSIVE;
				GCC_WARN_UNUSED_FUNCTION = YES;
				GCC_WARN_UNUSED_VARIABLE = YES;
				IPHONEOS_DEPLOYMENT_TARGET = 11.0;
				MTL_ENABLE_DEBUG_INFO = NO;
				SDKROOT = iphoneos;
				SWIFT_OPTIMIZATION_LEVEL = "-Owholemodule";
				VALIDATE_PRODUCT = YES;
			};
			name = Release;
		};
		224C6E371F85310900AAA45C /* Debug */ = {
			isa = XCBuildConfiguration;
			buildSettings = {
				ASSETCATALOG_COMPILER_APPICON_NAME = AppIcon;
				CODE_SIGN_STYLE = Automatic;
				DEVELOPMENT_TEAM = T7L2FQY8CD;
				INFOPLIST_FILE = "UIScrollView, UICollectionView Challenge/Info.plist";
				LD_RUNPATH_SEARCH_PATHS = "$(inherited) @executable_path/Frameworks";
				PRODUCT_BUNDLE_IDENTIFIER = "com.alftaurus.UIScrollView--UICollectionView-Challenge";
				PRODUCT_NAME = "$(TARGET_NAME)";
				SWIFT_VERSION = 4.0;
				TARGETED_DEVICE_FAMILY = "1,2";
			};
			name = Debug;
		};
		224C6E381F85310900AAA45C /* Release */ = {
			isa = XCBuildConfiguration;
			buildSettings = {
				ASSETCATALOG_COMPILER_APPICON_NAME = AppIcon;
				CODE_SIGN_STYLE = Automatic;
				DEVELOPMENT_TEAM = T7L2FQY8CD;
				INFOPLIST_FILE = "UIScrollView, UICollectionView Challenge/Info.plist";
				LD_RUNPATH_SEARCH_PATHS = "$(inherited) @executable_path/Frameworks";
				PRODUCT_BUNDLE_IDENTIFIER = "com.alftaurus.UIScrollView--UICollectionView-Challenge";
				PRODUCT_NAME = "$(TARGET_NAME)";
				SWIFT_VERSION = 4.0;
				TARGETED_DEVICE_FAMILY = "1,2";
			};
			name = Release;
		};
		224C6E3A1F85310900AAA45C /* Debug */ = {
			isa = XCBuildConfiguration;
			buildSettings = {
				ALWAYS_EMBED_SWIFT_STANDARD_LIBRARIES = YES;
				BUNDLE_LOADER = "$(TEST_HOST)";
				CODE_SIGN_STYLE = Automatic;
				DEVELOPMENT_TEAM = T7L2FQY8CD;
				INFOPLIST_FILE = "UIScrollView, UICollectionView ChallengeTests/Info.plist";
				LD_RUNPATH_SEARCH_PATHS = "$(inherited) @executable_path/Frameworks @loader_path/Frameworks";
				PRODUCT_BUNDLE_IDENTIFIER = "com.alftaurus.UIScrollView--UICollectionView-ChallengeTests";
				PRODUCT_NAME = "$(TARGET_NAME)";
				SWIFT_VERSION = 4.0;
				TARGETED_DEVICE_FAMILY = "1,2";
				TEST_HOST = "$(BUILT_PRODUCTS_DIR)/UIScrollView, UICollectionView Challenge.app/UIScrollView, UICollectionView Challenge";
			};
			name = Debug;
		};
		224C6E3B1F85310900AAA45C /* Release */ = {
			isa = XCBuildConfiguration;
			buildSettings = {
				ALWAYS_EMBED_SWIFT_STANDARD_LIBRARIES = YES;
				BUNDLE_LOADER = "$(TEST_HOST)";
				CODE_SIGN_STYLE = Automatic;
				DEVELOPMENT_TEAM = T7L2FQY8CD;
				INFOPLIST_FILE = "UIScrollView, UICollectionView ChallengeTests/Info.plist";
				LD_RUNPATH_SEARCH_PATHS = "$(inherited) @executable_path/Frameworks @loader_path/Frameworks";
				PRODUCT_BUNDLE_IDENTIFIER = "com.alftaurus.UIScrollView--UICollectionView-ChallengeTests";
				PRODUCT_NAME = "$(TARGET_NAME)";
				SWIFT_VERSION = 4.0;
				TARGETED_DEVICE_FAMILY = "1,2";
				TEST_HOST = "$(BUILT_PRODUCTS_DIR)/UIScrollView, UICollectionView Challenge.app/UIScrollView, UICollectionView Challenge";
			};
			name = Release;
		};
		224C6E3D1F85310900AAA45C /* Debug */ = {
			isa = XCBuildConfiguration;
			buildSettings = {
				ALWAYS_EMBED_SWIFT_STANDARD_LIBRARIES = YES;
				CODE_SIGN_STYLE = Automatic;
				DEVELOPMENT_TEAM = T7L2FQY8CD;
				INFOPLIST_FILE = "UIScrollView, UICollectionView ChallengeUITests/Info.plist";
				LD_RUNPATH_SEARCH_PATHS = "$(inherited) @executable_path/Frameworks @loader_path/Frameworks";
				PRODUCT_BUNDLE_IDENTIFIER = "com.alftaurus.UIScrollView--UICollectionView-ChallengeUITests";
				PRODUCT_NAME = "$(TARGET_NAME)";
				SWIFT_VERSION = 4.0;
				TARGETED_DEVICE_FAMILY = "1,2";
				TEST_TARGET_NAME = "UIScrollView, UICollectionView Challenge";
			};
			name = Debug;
		};
		224C6E3E1F85310900AAA45C /* Release */ = {
			isa = XCBuildConfiguration;
			buildSettings = {
				ALWAYS_EMBED_SWIFT_STANDARD_LIBRARIES = YES;
				CODE_SIGN_STYLE = Automatic;
				DEVELOPMENT_TEAM = T7L2FQY8CD;
				INFOPLIST_FILE = "UIScrollView, UICollectionView ChallengeUITests/Info.plist";
				LD_RUNPATH_SEARCH_PATHS = "$(inherited) @executable_path/Frameworks @loader_path/Frameworks";
				PRODUCT_BUNDLE_IDENTIFIER = "com.alftaurus.UIScrollView--UICollectionView-ChallengeUITests";
				PRODUCT_NAME = "$(TARGET_NAME)";
				SWIFT_VERSION = 4.0;
				TARGETED_DEVICE_FAMILY = "1,2";
				TEST_TARGET_NAME = "UIScrollView, UICollectionView Challenge";
			};
			name = Release;
		};
/* End XCBuildConfiguration section */

/* Begin XCConfigurationList section */
		224C6E061F85310900AAA45C /* Build configuration list for PBXProject "UIScrollView, UICollectionView Challenge" */ = {
			isa = XCConfigurationList;
			buildConfigurations = (
				224C6E341F85310900AAA45C /* Debug */,
				224C6E351F85310900AAA45C /* Release */,
			);
			defaultConfigurationIsVisible = 0;
			defaultConfigurationName = Release;
		};
		224C6E361F85310900AAA45C /* Build configuration list for PBXNativeTarget "UIScrollView, UICollectionView Challenge" */ = {
			isa = XCConfigurationList;
			buildConfigurations = (
				224C6E371F85310900AAA45C /* Debug */,
				224C6E381F85310900AAA45C /* Release */,
			);
			defaultConfigurationIsVisible = 0;
			defaultConfigurationName = Release;
		};
		224C6E391F85310900AAA45C /* Build configuration list for PBXNativeTarget "UIScrollView, UICollectionView ChallengeTests" */ = {
			isa = XCConfigurationList;
			buildConfigurations = (
				224C6E3A1F85310900AAA45C /* Debug */,
				224C6E3B1F85310900AAA45C /* Release */,
			);
			defaultConfigurationIsVisible = 0;
			defaultConfigurationName = Release;
		};
		224C6E3C1F85310900AAA45C /* Build configuration list for PBXNativeTarget "UIScrollView, UICollectionView ChallengeUITests" */ = {
			isa = XCConfigurationList;
			buildConfigurations = (
				224C6E3D1F85310900AAA45C /* Debug */,
				224C6E3E1F85310900AAA45C /* Release */,
			);
			defaultConfigurationIsVisible = 0;
			defaultConfigurationName = Release;
		};
/* End XCConfigurationList section */

/* Begin XCVersionGroup section */
		224C6E151F85310900AAA45C /* UIScrollView__UICollectionView_Challenge.xcdatamodeld */ = {
			isa = XCVersionGroup;
			children = (
				224C6E161F85310900AAA45C /* UIScrollView__UICollectionView_Challenge.xcdatamodel */,
			);
			currentVersion = 224C6E161F85310900AAA45C /* UIScrollView__UICollectionView_Challenge.xcdatamodel */;
			path = UIScrollView__UICollectionView_Challenge.xcdatamodeld;
			sourceTree = "<group>";
			versionGroupType = wrapper.xcdatamodel;
		};
/* End XCVersionGroup section */
	};
	rootObject = 224C6E031F85310900AAA45C /* Project object */;
}
