// !$*UTF8*$!
{
	archiveVersion = 1;
	classes = {
	};
	objectVersion = 48;
	objects = {

/* Begin PBXBuildFile section */
		2239CFF51F91ADBE00163AD2 /* AppDelegate.swift in Sources */ = {isa = PBXBuildFile; fileRef = 2239CFF41F91ADBE00163AD2 /* AppDelegate.swift */; };
		2239CFF71F91ADBE00163AD2 /* ViewController.swift in Sources */ = {isa = PBXBuildFile; fileRef = 2239CFF61F91ADBE00163AD2 /* ViewController.swift */; };
		2239CFFA1F91ADBE00163AD2 /* Main.storyboard in Resources */ = {isa = PBXBuildFile; fileRef = 2239CFF81F91ADBE00163AD2 /* Main.storyboard */; };
		2239CFFD1F91ADBE00163AD2 /* ToDoList.xcdatamodeld in Sources */ = {isa = PBXBuildFile; fileRef = 2239CFFB1F91ADBE00163AD2 /* ToDoList.xcdatamodeld */; };
		2239CFFF1F91ADBE00163AD2 /* Assets.xcassets in Resources */ = {isa = PBXBuildFile; fileRef = 2239CFFE1F91ADBE00163AD2 /* Assets.xcassets */; };
		2239D0021F91ADBE00163AD2 /* LaunchScreen.storyboard in Resources */ = {isa = PBXBuildFile; fileRef = 2239D0001F91ADBE00163AD2 /* LaunchScreen.storyboard */; };
		2239D00D1F91ADBE00163AD2 /* ToDoListTests.swift in Sources */ = {isa = PBXBuildFile; fileRef = 2239D00C1F91ADBE00163AD2 /* ToDoListTests.swift */; };
		2239D0181F91ADBE00163AD2 /* ToDoListUITests.swift in Sources */ = {isa = PBXBuildFile; fileRef = 2239D0171F91ADBE00163AD2 /* ToDoListUITests.swift */; };
		B24E0A4C2B71E33D2AD0FE0D /* Pods_ToDoListTests.framework in Frameworks */ = {isa = PBXBuildFile; fileRef = 3817AC2D19773F4232DFB121 /* Pods_ToDoListTests.framework */; };
		D46C2990F3A6F7E4032AD0C1 /* Pods_ToDoList.framework in Frameworks */ = {isa = PBXBuildFile; fileRef = D77DF975BFDD31146D4586FE /* Pods_ToDoList.framework */; };
		E1A048FC024DC226014E9505 /* Pods_ToDoListUITests.framework in Frameworks */ = {isa = PBXBuildFile; fileRef = 39E137077004D905D1053107 /* Pods_ToDoListUITests.framework */; };
/* End PBXBuildFile section */

/* Begin PBXContainerItemProxy section */
		2239D0091F91ADBE00163AD2 /* PBXContainerItemProxy */ = {
			isa = PBXContainerItemProxy;
			containerPortal = 2239CFE91F91ADBE00163AD2 /* Project object */;
			proxyType = 1;
			remoteGlobalIDString = 2239CFF01F91ADBE00163AD2;
			remoteInfo = ToDoList;
		};
		2239D0141F91ADBE00163AD2 /* PBXContainerItemProxy */ = {
			isa = PBXContainerItemProxy;
			containerPortal = 2239CFE91F91ADBE00163AD2 /* Project object */;
			proxyType = 1;
			remoteGlobalIDString = 2239CFF01F91ADBE00163AD2;
			remoteInfo = ToDoList;
		};
/* End PBXContainerItemProxy section */

/* Begin PBXFileReference section */
		2239CFF11F91ADBE00163AD2 /* ToDoList.app */ = {isa = PBXFileReference; explicitFileType = wrapper.application; includeInIndex = 0; path = ToDoList.app; sourceTree = BUILT_PRODUCTS_DIR; };
		2239CFF41F91ADBE00163AD2 /* AppDelegate.swift */ = {isa = PBXFileReference; lastKnownFileType = sourcecode.swift; path = AppDelegate.swift; sourceTree = "<group>"; };
		2239CFF61F91ADBE00163AD2 /* ViewController.swift */ = {isa = PBXFileReference; lastKnownFileType = sourcecode.swift; path = ViewController.swift; sourceTree = "<group>"; };
		2239CFF91F91ADBE00163AD2 /* Base */ = {isa = PBXFileReference; lastKnownFileType = file.storyboard; name = Base; path = Base.lproj/Main.storyboard; sourceTree = "<group>"; };
		2239CFFC1F91ADBE00163AD2 /* ToDoList.xcdatamodel */ = {isa = PBXFileReference; lastKnownFileType = wrapper.xcdatamodel; path = ToDoList.xcdatamodel; sourceTree = "<group>"; };
		2239CFFE1F91ADBE00163AD2 /* Assets.xcassets */ = {isa = PBXFileReference; lastKnownFileType = folder.assetcatalog; path = Assets.xcassets; sourceTree = "<group>"; };
		2239D0011F91ADBE00163AD2 /* Base */ = {isa = PBXFileReference; lastKnownFileType = file.storyboard; name = Base; path = Base.lproj/LaunchScreen.storyboard; sourceTree = "<group>"; };
		2239D0031F91ADBE00163AD2 /* Info.plist */ = {isa = PBXFileReference; lastKnownFileType = text.plist.xml; path = Info.plist; sourceTree = "<group>"; };
		2239D0081F91ADBE00163AD2 /* ToDoListTests.xctest */ = {isa = PBXFileReference; explicitFileType = wrapper.cfbundle; includeInIndex = 0; path = ToDoListTests.xctest; sourceTree = BUILT_PRODUCTS_DIR; };
		2239D00C1F91ADBE00163AD2 /* ToDoListTests.swift */ = {isa = PBXFileReference; lastKnownFileType = sourcecode.swift; path = ToDoListTests.swift; sourceTree = "<group>"; };
		2239D00E1F91ADBE00163AD2 /* Info.plist */ = {isa = PBXFileReference; lastKnownFileType = text.plist.xml; path = Info.plist; sourceTree = "<group>"; };
		2239D0131F91ADBE00163AD2 /* ToDoListUITests.xctest */ = {isa = PBXFileReference; explicitFileType = wrapper.cfbundle; includeInIndex = 0; path = ToDoListUITests.xctest; sourceTree = BUILT_PRODUCTS_DIR; };
		2239D0171F91ADBE00163AD2 /* ToDoListUITests.swift */ = {isa = PBXFileReference; lastKnownFileType = sourcecode.swift; path = ToDoListUITests.swift; sourceTree = "<group>"; };
		2239D0191F91ADBE00163AD2 /* Info.plist */ = {isa = PBXFileReference; lastKnownFileType = text.plist.xml; path = Info.plist; sourceTree = "<group>"; };
		23D67A383088C131D318E530 /* Pods-ToDoListTests.release.xcconfig */ = {isa = PBXFileReference; includeInIndex = 1; lastKnownFileType = text.xcconfig; name = "Pods-ToDoListTests.release.xcconfig"; path = "Pods/Target Support Files/Pods-ToDoListTests/Pods-ToDoListTests.release.xcconfig"; sourceTree = "<group>"; };
		2B0F94B29D3E301B80DD5FD6 /* Pods-ToDoListUITests.release.xcconfig */ = {isa = PBXFileReference; includeInIndex = 1; lastKnownFileType = text.xcconfig; name = "Pods-ToDoListUITests.release.xcconfig"; path = "Pods/Target Support Files/Pods-ToDoListUITests/Pods-ToDoListUITests.release.xcconfig"; sourceTree = "<group>"; };
		3817AC2D19773F4232DFB121 /* Pods_ToDoListTests.framework */ = {isa = PBXFileReference; explicitFileType = wrapper.framework; includeInIndex = 0; path = Pods_ToDoListTests.framework; sourceTree = BUILT_PRODUCTS_DIR; };
		39E137077004D905D1053107 /* Pods_ToDoListUITests.framework */ = {isa = PBXFileReference; explicitFileType = wrapper.framework; includeInIndex = 0; path = Pods_ToDoListUITests.framework; sourceTree = BUILT_PRODUCTS_DIR; };
		4C2A8797483A5E4C5EAD2675 /* Pods-ToDoListTests.debug.xcconfig */ = {isa = PBXFileReference; includeInIndex = 1; lastKnownFileType = text.xcconfig; name = "Pods-ToDoListTests.debug.xcconfig"; path = "Pods/Target Support Files/Pods-ToDoListTests/Pods-ToDoListTests.debug.xcconfig"; sourceTree = "<group>"; };
		4ECADCCEE8A3752407EDD655 /* Pods-ToDoList.release.xcconfig */ = {isa = PBXFileReference; includeInIndex = 1; lastKnownFileType = text.xcconfig; name = "Pods-ToDoList.release.xcconfig"; path = "Pods/Target Support Files/Pods-ToDoList/Pods-ToDoList.release.xcconfig"; sourceTree = "<group>"; };
		5E756A27523BFDA66C145E9F /* Pods-ToDoListUITests.debug.xcconfig */ = {isa = PBXFileReference; includeInIndex = 1; lastKnownFileType = text.xcconfig; name = "Pods-ToDoListUITests.debug.xcconfig"; path = "Pods/Target Support Files/Pods-ToDoListUITests/Pods-ToDoListUITests.debug.xcconfig"; sourceTree = "<group>"; };
		B2C9E4A31D39E6C0D0C24EE7 /* Pods-ToDoList.debug.xcconfig */ = {isa = PBXFileReference; includeInIndex = 1; lastKnownFileType = text.xcconfig; name = "Pods-ToDoList.debug.xcconfig"; path = "Pods/Target Support Files/Pods-ToDoList/Pods-ToDoList.debug.xcconfig"; sourceTree = "<group>"; };
		D77DF975BFDD31146D4586FE /* Pods_ToDoList.framework */ = {isa = PBXFileReference; explicitFileType = wrapper.framework; includeInIndex = 0; path = Pods_ToDoList.framework; sourceTree = BUILT_PRODUCTS_DIR; };
/* End PBXFileReference section */

/* Begin PBXFrameworksBuildPhase section */
		2239CFEE1F91ADBE00163AD2 /* Frameworks */ = {
			isa = PBXFrameworksBuildPhase;
			buildActionMask = 2147483647;
			files = (
				D46C2990F3A6F7E4032AD0C1 /* Pods_ToDoList.framework in Frameworks */,
			);
			runOnlyForDeploymentPostprocessing = 0;
		};
		2239D0051F91ADBE00163AD2 /* Frameworks */ = {
			isa = PBXFrameworksBuildPhase;
			buildActionMask = 2147483647;
			files = (
				B24E0A4C2B71E33D2AD0FE0D /* Pods_ToDoListTests.framework in Frameworks */,
			);
			runOnlyForDeploymentPostprocessing = 0;
		};
		2239D0101F91ADBE00163AD2 /* Frameworks */ = {
			isa = PBXFrameworksBuildPhase;
			buildActionMask = 2147483647;
			files = (
				E1A048FC024DC226014E9505 /* Pods_ToDoListUITests.framework in Frameworks */,
			);
			runOnlyForDeploymentPostprocessing = 0;
		};
/* End PBXFrameworksBuildPhase section */

/* Begin PBXGroup section */
		04A12697E1D526F267480087 /* Frameworks */ = {
			isa = PBXGroup;
			children = (
				D77DF975BFDD31146D4586FE /* Pods_ToDoList.framework */,
				3817AC2D19773F4232DFB121 /* Pods_ToDoListTests.framework */,
				39E137077004D905D1053107 /* Pods_ToDoListUITests.framework */,
			);
			name = Frameworks;
			sourceTree = "<group>";
		};
		2239CFE81F91ADBE00163AD2 = {
			isa = PBXGroup;
			children = (
				2239CFF31F91ADBE00163AD2 /* ToDoList */,
				2239D00B1F91ADBE00163AD2 /* ToDoListTests */,
				2239D0161F91ADBE00163AD2 /* ToDoListUITests */,
				2239CFF21F91ADBE00163AD2 /* Products */,
				24EBA8D3F17321C7CA3490E7 /* Pods */,
				04A12697E1D526F267480087 /* Frameworks */,
			);
			sourceTree = "<group>";
		};
		2239CFF21F91ADBE00163AD2 /* Products */ = {
			isa = PBXGroup;
			children = (
				2239CFF11F91ADBE00163AD2 /* ToDoList.app */,
				2239D0081F91ADBE00163AD2 /* ToDoListTests.xctest */,
				2239D0131F91ADBE00163AD2 /* ToDoListUITests.xctest */,
			);
			name = Products;
			sourceTree = "<group>";
		};
		2239CFF31F91ADBE00163AD2 /* ToDoList */ = {
			isa = PBXGroup;
			children = (
				2239CFF41F91ADBE00163AD2 /* AppDelegate.swift */,
				2239CFF61F91ADBE00163AD2 /* ViewController.swift */,
				2239CFF81F91ADBE00163AD2 /* Main.storyboard */,
				2239CFFE1F91ADBE00163AD2 /* Assets.xcassets */,
				2239D0001F91ADBE00163AD2 /* LaunchScreen.storyboard */,
				2239D0031F91ADBE00163AD2 /* Info.plist */,
				2239CFFB1F91ADBE00163AD2 /* ToDoList.xcdatamodeld */,
			);
			path = ToDoList;
			sourceTree = "<group>";
		};
		2239D00B1F91ADBE00163AD2 /* ToDoListTests */ = {
			isa = PBXGroup;
			children = (
				2239D00C1F91ADBE00163AD2 /* ToDoListTests.swift */,
				2239D00E1F91ADBE00163AD2 /* Info.plist */,
			);
			path = ToDoListTests;
			sourceTree = "<group>";
		};
		2239D0161F91ADBE00163AD2 /* ToDoListUITests */ = {
			isa = PBXGroup;
			children = (
				2239D0171F91ADBE00163AD2 /* ToDoListUITests.swift */,
				2239D0191F91ADBE00163AD2 /* Info.plist */,
			);
			path = ToDoListUITests;
			sourceTree = "<group>";
		};
		24EBA8D3F17321C7CA3490E7 /* Pods */ = {
			isa = PBXGroup;
			children = (
				B2C9E4A31D39E6C0D0C24EE7 /* Pods-ToDoList.debug.xcconfig */,
				4ECADCCEE8A3752407EDD655 /* Pods-ToDoList.release.xcconfig */,
				4C2A8797483A5E4C5EAD2675 /* Pods-ToDoListTests.debug.xcconfig */,
				23D67A383088C131D318E530 /* Pods-ToDoListTests.release.xcconfig */,
				5E756A27523BFDA66C145E9F /* Pods-ToDoListUITests.debug.xcconfig */,
				2B0F94B29D3E301B80DD5FD6 /* Pods-ToDoListUITests.release.xcconfig */,
			);
			name = Pods;
			sourceTree = "<group>";
		};
/* End PBXGroup section */

/* Begin PBXNativeTarget section */
		2239CFF01F91ADBE00163AD2 /* ToDoList */ = {
			isa = PBXNativeTarget;
			buildConfigurationList = 2239D01C1F91ADBE00163AD2 /* Build configuration list for PBXNativeTarget "ToDoList" */;
			buildPhases = (
				95033E6A7FE2623311BAB030 /* [CP] Check Pods Manifest.lock */,
				2239CFED1F91ADBE00163AD2 /* Sources */,
				2239CFEE1F91ADBE00163AD2 /* Frameworks */,
				2239CFEF1F91ADBE00163AD2 /* Resources */,
				DDA6943BAFBCF8DD6591FEFF /* [CP] Embed Pods Frameworks */,
				A461BA5C1EE2A1272F5943F8 /* [CP] Copy Pods Resources */,
			);
			buildRules = (
			);
			dependencies = (
			);
			name = ToDoList;
			productName = ToDoList;
			productReference = 2239CFF11F91ADBE00163AD2 /* ToDoList.app */;
			productType = "com.apple.product-type.application";
		};
		2239D0071F91ADBE00163AD2 /* ToDoListTests */ = {
			isa = PBXNativeTarget;
			buildConfigurationList = 2239D01F1F91ADBE00163AD2 /* Build configuration list for PBXNativeTarget "ToDoListTests" */;
			buildPhases = (
				5FA8399416A333EC48EBDF21 /* [CP] Check Pods Manifest.lock */,
				2239D0041F91ADBE00163AD2 /* Sources */,
				2239D0051F91ADBE00163AD2 /* Frameworks */,
				2239D0061F91ADBE00163AD2 /* Resources */,
				8557F948091ADD754831A2FE /* [CP] Embed Pods Frameworks */,
				3DA3EC5B7608AFD1B5904C5B /* [CP] Copy Pods Resources */,
			);
			buildRules = (
			);
			dependencies = (
				2239D00A1F91ADBE00163AD2 /* PBXTargetDependency */,
			);
			name = ToDoListTests;
			productName = ToDoListTests;
			productReference = 2239D0081F91ADBE00163AD2 /* ToDoListTests.xctest */;
			productType = "com.apple.product-type.bundle.unit-test";
		};
		2239D0121F91ADBE00163AD2 /* ToDoListUITests */ = {
			isa = PBXNativeTarget;
			buildConfigurationList = 2239D0221F91ADBE00163AD2 /* Build configuration list for PBXNativeTarget "ToDoListUITests" */;
			buildPhases = (
				6B5B8FE082A2C46C341D2F4F /* [CP] Check Pods Manifest.lock */,
				2239D00F1F91ADBE00163AD2 /* Sources */,
				2239D0101F91ADBE00163AD2 /* Frameworks */,
				2239D0111F91ADBE00163AD2 /* Resources */,
				D7BFC478A32114A406A354F2 /* [CP] Embed Pods Frameworks */,
				BBEB80AC9C8E1D76974E3675 /* [CP] Copy Pods Resources */,
			);
			buildRules = (
			);
			dependencies = (
				2239D0151F91ADBE00163AD2 /* PBXTargetDependency */,
			);
			name = ToDoListUITests;
			productName = ToDoListUITests;
			productReference = 2239D0131F91ADBE00163AD2 /* ToDoListUITests.xctest */;
			productType = "com.apple.product-type.bundle.ui-testing";
		};
/* End PBXNativeTarget section */

/* Begin PBXProject section */
		2239CFE91F91ADBE00163AD2 /* Project object */ = {
			isa = PBXProject;
			attributes = {
				LastSwiftUpdateCheck = 0900;
				LastUpgradeCheck = 0900;
				ORGANIZATIONNAME = "Alfonso Torres";
				TargetAttributes = {
					2239CFF01F91ADBE00163AD2 = {
						CreatedOnToolsVersion = 9.0;
						ProvisioningStyle = Automatic;
					};
					2239D0071F91ADBE00163AD2 = {
						CreatedOnToolsVersion = 9.0;
						ProvisioningStyle = Automatic;
						TestTargetID = 2239CFF01F91ADBE00163AD2;
					};
					2239D0121F91ADBE00163AD2 = {
						CreatedOnToolsVersion = 9.0;
						ProvisioningStyle = Automatic;
						TestTargetID = 2239CFF01F91ADBE00163AD2;
					};
				};
			};
			buildConfigurationList = 2239CFEC1F91ADBE00163AD2 /* Build configuration list for PBXProject "ToDoList" */;
			compatibilityVersion = "Xcode 8.0";
			developmentRegion = en;
			hasScannedForEncodings = 0;
			knownRegions = (
				en,
				Base,
			);
			mainGroup = 2239CFE81F91ADBE00163AD2;
			productRefGroup = 2239CFF21F91ADBE00163AD2 /* Products */;
			projectDirPath = "";
			projectRoot = "";
			targets = (
				2239CFF01F91ADBE00163AD2 /* ToDoList */,
				2239D0071F91ADBE00163AD2 /* ToDoListTests */,
				2239D0121F91ADBE00163AD2 /* ToDoListUITests */,
			);
		};
/* End PBXProject section */

/* Begin PBXResourcesBuildPhase section */
		2239CFEF1F91ADBE00163AD2 /* Resources */ = {
			isa = PBXResourcesBuildPhase;
			buildActionMask = 2147483647;
			files = (
				2239D0021F91ADBE00163AD2 /* LaunchScreen.storyboard in Resources */,
				2239CFFF1F91ADBE00163AD2 /* Assets.xcassets in Resources */,
				2239CFFA1F91ADBE00163AD2 /* Main.storyboard in Resources */,
			);
			runOnlyForDeploymentPostprocessing = 0;
		};
		2239D0061F91ADBE00163AD2 /* Resources */ = {
			isa = PBXResourcesBuildPhase;
			buildActionMask = 2147483647;
			files = (
			);
			runOnlyForDeploymentPostprocessing = 0;
		};
		2239D0111F91ADBE00163AD2 /* Resources */ = {
			isa = PBXResourcesBuildPhase;
			buildActionMask = 2147483647;
			files = (
			);
			runOnlyForDeploymentPostprocessing = 0;
		};
/* End PBXResourcesBuildPhase section */

/* Begin PBXShellScriptBuildPhase section */
		3DA3EC5B7608AFD1B5904C5B /* [CP] Copy Pods Resources */ = {
			isa = PBXShellScriptBuildPhase;
			buildActionMask = 2147483647;
			files = (
			);
			inputPaths = (
			);
			name = "[CP] Copy Pods Resources";
			outputPaths = (
			);
			runOnlyForDeploymentPostprocessing = 0;
			shellPath = /bin/sh;
			shellScript = "\"${SRCROOT}/Pods/Target Support Files/Pods-ToDoListTests/Pods-ToDoListTests-resources.sh\"\n";
			showEnvVarsInLog = 0;
		};
		5FA8399416A333EC48EBDF21 /* [CP] Check Pods Manifest.lock */ = {
			isa = PBXShellScriptBuildPhase;
			buildActionMask = 2147483647;
			files = (
			);
			inputPaths = (
				"${PODS_PODFILE_DIR_PATH}/Podfile.lock",
				"${PODS_ROOT}/Manifest.lock",
			);
			name = "[CP] Check Pods Manifest.lock";
			outputPaths = (
				"$(DERIVED_FILE_DIR)/Pods-ToDoListTests-checkManifestLockResult.txt",
			);
			runOnlyForDeploymentPostprocessing = 0;
			shellPath = /bin/sh;
			shellScript = "diff \"${PODS_PODFILE_DIR_PATH}/Podfile.lock\" \"${PODS_ROOT}/Manifest.lock\" > /dev/null\nif [ $? != 0 ] ; then\n    # print error to STDERR\n    echo \"error: The sandbox is not in sync with the Podfile.lock. Run 'pod install' or update your CocoaPods installation.\" >&2\n    exit 1\nfi\n# This output is used by Xcode 'outputs' to avoid re-running this script phase.\necho \"SUCCESS\" > \"${SCRIPT_OUTPUT_FILE_0}\"\n";
			showEnvVarsInLog = 0;
		};
		6B5B8FE082A2C46C341D2F4F /* [CP] Check Pods Manifest.lock */ = {
			isa = PBXShellScriptBuildPhase;
			buildActionMask = 2147483647;
			files = (
			);
			inputPaths = (
				"${PODS_PODFILE_DIR_PATH}/Podfile.lock",
				"${PODS_ROOT}/Manifest.lock",
			);
			name = "[CP] Check Pods Manifest.lock";
			outputPaths = (
				"$(DERIVED_FILE_DIR)/Pods-ToDoListUITests-checkManifestLockResult.txt",
			);
			runOnlyForDeploymentPostprocessing = 0;
			shellPath = /bin/sh;
			shellScript = "diff \"${PODS_PODFILE_DIR_PATH}/Podfile.lock\" \"${PODS_ROOT}/Manifest.lock\" > /dev/null\nif [ $? != 0 ] ; then\n    # print error to STDERR\n    echo \"error: The sandbox is not in sync with the Podfile.lock. Run 'pod install' or update your CocoaPods installation.\" >&2\n    exit 1\nfi\n# This output is used by Xcode 'outputs' to avoid re-running this script phase.\necho \"SUCCESS\" > \"${SCRIPT_OUTPUT_FILE_0}\"\n";
			showEnvVarsInLog = 0;
		};
		8557F948091ADD754831A2FE /* [CP] Embed Pods Frameworks */ = {
			isa = PBXShellScriptBuildPhase;
			buildActionMask = 2147483647;
			files = (
			);
			inputPaths = (
			);
			name = "[CP] Embed Pods Frameworks";
			outputPaths = (
			);
			runOnlyForDeploymentPostprocessing = 0;
			shellPath = /bin/sh;
			shellScript = "\"${SRCROOT}/Pods/Target Support Files/Pods-ToDoListTests/Pods-ToDoListTests-frameworks.sh\"\n";
			showEnvVarsInLog = 0;
		};
		95033E6A7FE2623311BAB030 /* [CP] Check Pods Manifest.lock */ = {
			isa = PBXShellScriptBuildPhase;
			buildActionMask = 2147483647;
			files = (
			);
			inputPaths = (
				"${PODS_PODFILE_DIR_PATH}/Podfile.lock",
				"${PODS_ROOT}/Manifest.lock",
			);
			name = "[CP] Check Pods Manifest.lock";
			outputPaths = (
				"$(DERIVED_FILE_DIR)/Pods-ToDoList-checkManifestLockResult.txt",
			);
			runOnlyForDeploymentPostprocessing = 0;
			shellPath = /bin/sh;
			shellScript = "diff \"${PODS_PODFILE_DIR_PATH}/Podfile.lock\" \"${PODS_ROOT}/Manifest.lock\" > /dev/null\nif [ $? != 0 ] ; then\n    # print error to STDERR\n    echo \"error: The sandbox is not in sync with the Podfile.lock. Run 'pod install' or update your CocoaPods installation.\" >&2\n    exit 1\nfi\n# This output is used by Xcode 'outputs' to avoid re-running this script phase.\necho \"SUCCESS\" > \"${SCRIPT_OUTPUT_FILE_0}\"\n";
			showEnvVarsInLog = 0;
		};
		A461BA5C1EE2A1272F5943F8 /* [CP] Copy Pods Resources */ = {
			isa = PBXShellScriptBuildPhase;
			buildActionMask = 2147483647;
			files = (
			);
			inputPaths = (
			);
			name = "[CP] Copy Pods Resources";
			outputPaths = (
			);
			runOnlyForDeploymentPostprocessing = 0;
			shellPath = /bin/sh;
			shellScript = "\"${SRCROOT}/Pods/Target Support Files/Pods-ToDoList/Pods-ToDoList-resources.sh\"\n";
			showEnvVarsInLog = 0;
		};
		BBEB80AC9C8E1D76974E3675 /* [CP] Copy Pods Resources */ = {
			isa = PBXShellScriptBuildPhase;
			buildActionMask = 2147483647;
			files = (
			);
			inputPaths = (
			);
			name = "[CP] Copy Pods Resources";
			outputPaths = (
			);
			runOnlyForDeploymentPostprocessing = 0;
			shellPath = /bin/sh;
			shellScript = "\"${SRCROOT}/Pods/Target Support Files/Pods-ToDoListUITests/Pods-ToDoListUITests-resources.sh\"\n";
			showEnvVarsInLog = 0;
		};
		D7BFC478A32114A406A354F2 /* [CP] Embed Pods Frameworks */ = {
			isa = PBXShellScriptBuildPhase;
			buildActionMask = 2147483647;
			files = (
			);
			inputPaths = (
			);
			name = "[CP] Embed Pods Frameworks";
			outputPaths = (
			);
			runOnlyForDeploymentPostprocessing = 0;
			shellPath = /bin/sh;
			shellScript = "\"${SRCROOT}/Pods/Target Support Files/Pods-ToDoListUITests/Pods-ToDoListUITests-frameworks.sh\"\n";
			showEnvVarsInLog = 0;
		};
		DDA6943BAFBCF8DD6591FEFF /* [CP] Embed Pods Frameworks */ = {
			isa = PBXShellScriptBuildPhase;
			buildActionMask = 2147483647;
			files = (
			);
			inputPaths = (
				"${SRCROOT}/Pods/Target Support Files/Pods-ToDoList/Pods-ToDoList-frameworks.sh",
				"${BUILT_PRODUCTS_DIR}/IQKeyboardManagerSwift/IQKeyboardManagerSwift.framework",
			);
			name = "[CP] Embed Pods Frameworks";
			outputPaths = (
				"${TARGET_BUILD_DIR}/${FRAMEWORKS_FOLDER_PATH}/IQKeyboardManagerSwift.framework",
			);
			runOnlyForDeploymentPostprocessing = 0;
			shellPath = /bin/sh;
			shellScript = "\"${SRCROOT}/Pods/Target Support Files/Pods-ToDoList/Pods-ToDoList-frameworks.sh\"\n";
			showEnvVarsInLog = 0;
		};
/* End PBXShellScriptBuildPhase section */

/* Begin PBXSourcesBuildPhase section */
		2239CFED1F91ADBE00163AD2 /* Sources */ = {
			isa = PBXSourcesBuildPhase;
			buildActionMask = 2147483647;
			files = (
				2239CFF71F91ADBE00163AD2 /* ViewController.swift in Sources */,
				2239CFFD1F91ADBE00163AD2 /* ToDoList.xcdatamodeld in Sources */,
				2239CFF51F91ADBE00163AD2 /* AppDelegate.swift in Sources */,
			);
			runOnlyForDeploymentPostprocessing = 0;
		};
		2239D0041F91ADBE00163AD2 /* Sources */ = {
			isa = PBXSourcesBuildPhase;
			buildActionMask = 2147483647;
			files = (
				2239D00D1F91ADBE00163AD2 /* ToDoListTests.swift in Sources */,
			);
			runOnlyForDeploymentPostprocessing = 0;
		};
		2239D00F1F91ADBE00163AD2 /* Sources */ = {
			isa = PBXSourcesBuildPhase;
			buildActionMask = 2147483647;
			files = (
				2239D0181F91ADBE00163AD2 /* ToDoListUITests.swift in Sources */,
			);
			runOnlyForDeploymentPostprocessing = 0;
		};
/* End PBXSourcesBuildPhase section */

/* Begin PBXTargetDependency section */
		2239D00A1F91ADBE00163AD2 /* PBXTargetDependency */ = {
			isa = PBXTargetDependency;
			target = 2239CFF01F91ADBE00163AD2 /* ToDoList */;
			targetProxy = 2239D0091F91ADBE00163AD2 /* PBXContainerItemProxy */;
		};
		2239D0151F91ADBE00163AD2 /* PBXTargetDependency */ = {
			isa = PBXTargetDependency;
			target = 2239CFF01F91ADBE00163AD2 /* ToDoList */;
			targetProxy = 2239D0141F91ADBE00163AD2 /* PBXContainerItemProxy */;
		};
/* End PBXTargetDependency section */

/* Begin PBXVariantGroup section */
		2239CFF81F91ADBE00163AD2 /* Main.storyboard */ = {
			isa = PBXVariantGroup;
			children = (
				2239CFF91F91ADBE00163AD2 /* Base */,
			);
			name = Main.storyboard;
			sourceTree = "<group>";
		};
		2239D0001F91ADBE00163AD2 /* LaunchScreen.storyboard */ = {
			isa = PBXVariantGroup;
			children = (
				2239D0011F91ADBE00163AD2 /* Base */,
			);
			name = LaunchScreen.storyboard;
			sourceTree = "<group>";
		};
/* End PBXVariantGroup section */

/* Begin XCBuildConfiguration section */
		2239D01A1F91ADBE00163AD2 /* Debug */ = {
			isa = XCBuildConfiguration;
			buildSettings = {
				ALWAYS_SEARCH_USER_PATHS = NO;
				CLANG_ANALYZER_NONNULL = YES;
				CLANG_ANALYZER_NUMBER_OBJECT_CONVERSION = YES_AGGRESSIVE;
				CLANG_CXX_LANGUAGE_STANDARD = "gnu++14";
				CLANG_CXX_LIBRARY = "libc++";
				CLANG_ENABLE_MODULES = YES;
				CLANG_ENABLE_OBJC_ARC = YES;
				CLANG_WARN_BLOCK_CAPTURE_AUTORELEASING = YES;
				CLANG_WARN_BOOL_CONVERSION = YES;
				CLANG_WARN_COMMA = YES;
				CLANG_WARN_CONSTANT_CONVERSION = YES;
				CLANG_WARN_DIRECT_OBJC_ISA_USAGE = YES_ERROR;
				CLANG_WARN_DOCUMENTATION_COMMENTS = YES;
				CLANG_WARN_EMPTY_BODY = YES;
				CLANG_WARN_ENUM_CONVERSION = YES;
				CLANG_WARN_INFINITE_RECURSION = YES;
				CLANG_WARN_INT_CONVERSION = YES;
				CLANG_WARN_NON_LITERAL_NULL_CONVERSION = YES;
				CLANG_WARN_OBJC_LITERAL_CONVERSION = YES;
				CLANG_WARN_OBJC_ROOT_CLASS = YES_ERROR;
				CLANG_WARN_RANGE_LOOP_ANALYSIS = YES;
				CLANG_WARN_STRICT_PROTOTYPES = YES;
				CLANG_WARN_SUSPICIOUS_MOVE = YES;
				CLANG_WARN_UNGUARDED_AVAILABILITY = YES_AGGRESSIVE;
				CLANG_WARN_UNREACHABLE_CODE = YES;
				CLANG_WARN__DUPLICATE_METHOD_MATCH = YES;
				CODE_SIGN_IDENTITY = "iPhone Developer";
				COPY_PHASE_STRIP = NO;
				DEBUG_INFORMATION_FORMAT = dwarf;
				ENABLE_STRICT_OBJC_MSGSEND = YES;
				ENABLE_TESTABILITY = YES;
				GCC_C_LANGUAGE_STANDARD = gnu11;
				GCC_DYNAMIC_NO_PIC = NO;
				GCC_NO_COMMON_BLOCKS = YES;
				GCC_OPTIMIZATION_LEVEL = 0;
				GCC_PREPROCESSOR_DEFINITIONS = (
					"DEBUG=1",
					"$(inherited)",
				);
				GCC_WARN_64_TO_32_BIT_CONVERSION = YES;
				GCC_WARN_ABOUT_RETURN_TYPE = YES_ERROR;
				GCC_WARN_UNDECLARED_SELECTOR = YES;
				GCC_WARN_UNINITIALIZED_AUTOS = YES_AGGRESSIVE;
				GCC_WARN_UNUSED_FUNCTION = YES;
				GCC_WARN_UNUSED_VARIABLE = YES;
				IPHONEOS_DEPLOYMENT_TARGET = 11.0;
				MTL_ENABLE_DEBUG_INFO = YES;
				ONLY_ACTIVE_ARCH = YES;
				SDKROOT = iphoneos;
				SWIFT_ACTIVE_COMPILATION_CONDITIONS = DEBUG;
				SWIFT_OPTIMIZATION_LEVEL = "-Onone";
			};
			name = Debug;
		};
		2239D01B1F91ADBE00163AD2 /* Release */ = {
			isa = XCBuildConfiguration;
			buildSettings = {
				ALWAYS_SEARCH_USER_PATHS = NO;
				CLANG_ANALYZER_NONNULL = YES;
				CLANG_ANALYZER_NUMBER_OBJECT_CONVERSION = YES_AGGRESSIVE;
				CLANG_CXX_LANGUAGE_STANDARD = "gnu++14";
				CLANG_CXX_LIBRARY = "libc++";
				CLANG_ENABLE_MODULES = YES;
				CLANG_ENABLE_OBJC_ARC = YES;
				CLANG_WARN_BLOCK_CAPTURE_AUTORELEASING = YES;
				CLANG_WARN_BOOL_CONVERSION = YES;
				CLANG_WARN_COMMA = YES;
				CLANG_WARN_CONSTANT_CONVERSION = YES;
				CLANG_WARN_DIRECT_OBJC_ISA_USAGE = YES_ERROR;
				CLANG_WARN_DOCUMENTATION_COMMENTS = YES;
				CLANG_WARN_EMPTY_BODY = YES;
				CLANG_WARN_ENUM_CONVERSION = YES;
				CLANG_WARN_INFINITE_RECURSION = YES;
				CLANG_WARN_INT_CONVERSION = YES;
				CLANG_WARN_NON_LITERAL_NULL_CONVERSION = YES;
				CLANG_WARN_OBJC_LITERAL_CONVERSION = YES;
				CLANG_WARN_OBJC_ROOT_CLASS = YES_ERROR;
				CLANG_WARN_RANGE_LOOP_ANALYSIS = YES;
				CLANG_WARN_STRICT_PROTOTYPES = YES;
				CLANG_WARN_SUSPICIOUS_MOVE = YES;
				CLANG_WARN_UNGUARDED_AVAILABILITY = YES_AGGRESSIVE;
				CLANG_WARN_UNREACHABLE_CODE = YES;
				CLANG_WARN__DUPLICATE_METHOD_MATCH = YES;
				CODE_SIGN_IDENTITY = "iPhone Developer";
				COPY_PHASE_STRIP = NO;
				DEBUG_INFORMATION_FORMAT = "dwarf-with-dsym";
				ENABLE_NS_ASSERTIONS = NO;
				ENABLE_STRICT_OBJC_MSGSEND = YES;
				GCC_C_LANGUAGE_STANDARD = gnu11;
				GCC_NO_COMMON_BLOCKS = YES;
				GCC_WARN_64_TO_32_BIT_CONVERSION = YES;
				GCC_WARN_ABOUT_RETURN_TYPE = YES_ERROR;
				GCC_WARN_UNDECLARED_SELECTOR = YES;
				GCC_WARN_UNINITIALIZED_AUTOS = YES_AGGRESSIVE;
				GCC_WARN_UNUSED_FUNCTION = YES;
				GCC_WARN_UNUSED_VARIABLE = YES;
				IPHONEOS_DEPLOYMENT_TARGET = 11.0;
				MTL_ENABLE_DEBUG_INFO = NO;
				SDKROOT = iphoneos;
				SWIFT_OPTIMIZATION_LEVEL = "-Owholemodule";
				VALIDATE_PRODUCT = YES;
			};
			name = Release;
		};
		2239D01D1F91ADBE00163AD2 /* Debug */ = {
			isa = XCBuildConfiguration;
			baseConfigurationReference = B2C9E4A31D39E6C0D0C24EE7 /* Pods-ToDoList.debug.xcconfig */;
			buildSettings = {
				ASSETCATALOG_COMPILER_APPICON_NAME = AppIcon;
				CODE_SIGN_STYLE = Automatic;
				DEVELOPMENT_TEAM = T7L2FQY8CD;
				INFOPLIST_FILE = ToDoList/Info.plist;
				LD_RUNPATH_SEARCH_PATHS = "$(inherited) @executable_path/Frameworks";
				PRODUCT_BUNDLE_IDENTIFIER = com.alftaurus.ToDoList;
				PRODUCT_NAME = "$(TARGET_NAME)";
				SWIFT_VERSION = 4.0;
				TARGETED_DEVICE_FAMILY = "1,2";
			};
			name = Debug;
		};
		2239D01E1F91ADBE00163AD2 /* Release */ = {
			isa = XCBuildConfiguration;
			baseConfigurationReference = 4ECADCCEE8A3752407EDD655 /* Pods-ToDoList.release.xcconfig */;
			buildSettings = {
				ASSETCATALOG_COMPILER_APPICON_NAME = AppIcon;
				CODE_SIGN_STYLE = Automatic;
				DEVELOPMENT_TEAM = T7L2FQY8CD;
				INFOPLIST_FILE = ToDoList/Info.plist;
				LD_RUNPATH_SEARCH_PATHS = "$(inherited) @executable_path/Frameworks";
				PRODUCT_BUNDLE_IDENTIFIER = com.alftaurus.ToDoList;
				PRODUCT_NAME = "$(TARGET_NAME)";
				SWIFT_VERSION = 4.0;
				TARGETED_DEVICE_FAMILY = "1,2";
			};
			name = Release;
		};
		2239D0201F91ADBE00163AD2 /* Debug */ = {
			isa = XCBuildConfiguration;
			baseConfigurationReference = 4C2A8797483A5E4C5EAD2675 /* Pods-ToDoListTests.debug.xcconfig */;
			buildSettings = {
				ALWAYS_EMBED_SWIFT_STANDARD_LIBRARIES = YES;
				BUNDLE_LOADER = "$(TEST_HOST)";
				CODE_SIGN_STYLE = Automatic;
				DEVELOPMENT_TEAM = T7L2FQY8CD;
				INFOPLIST_FILE = ToDoListTests/Info.plist;
				LD_RUNPATH_SEARCH_PATHS = "$(inherited) @executable_path/Frameworks @loader_path/Frameworks";
				PRODUCT_BUNDLE_IDENTIFIER = com.alftaurus.ToDoListTests;
				PRODUCT_NAME = "$(TARGET_NAME)";
				SWIFT_VERSION = 4.0;
				TARGETED_DEVICE_FAMILY = "1,2";
				TEST_HOST = "$(BUILT_PRODUCTS_DIR)/ToDoList.app/ToDoList";
			};
			name = Debug;
		};
		2239D0211F91ADBE00163AD2 /* Release */ = {
			isa = XCBuildConfiguration;
			baseConfigurationReference = 23D67A383088C131D318E530 /* Pods-ToDoListTests.release.xcconfig */;
			buildSettings = {
				ALWAYS_EMBED_SWIFT_STANDARD_LIBRARIES = YES;
				BUNDLE_LOADER = "$(TEST_HOST)";
				CODE_SIGN_STYLE = Automatic;
				DEVELOPMENT_TEAM = T7L2FQY8CD;
				INFOPLIST_FILE = ToDoListTests/Info.plist;
				LD_RUNPATH_SEARCH_PATHS = "$(inherited) @executable_path/Frameworks @loader_path/Frameworks";
				PRODUCT_BUNDLE_IDENTIFIER = com.alftaurus.ToDoListTests;
				PRODUCT_NAME = "$(TARGET_NAME)";
				SWIFT_VERSION = 4.0;
				TARGETED_DEVICE_FAMILY = "1,2";
				TEST_HOST = "$(BUILT_PRODUCTS_DIR)/ToDoList.app/ToDoList";
			};
			name = Release;
		};
		2239D0231F91ADBE00163AD2 /* Debug */ = {
			isa = XCBuildConfiguration;
			baseConfigurationReference = 5E756A27523BFDA66C145E9F /* Pods-ToDoListUITests.debug.xcconfig */;
			buildSettings = {
				ALWAYS_EMBED_SWIFT_STANDARD_LIBRARIES = YES;
				CODE_SIGN_STYLE = Automatic;
				DEVELOPMENT_TEAM = T7L2FQY8CD;
				INFOPLIST_FILE = ToDoListUITests/Info.plist;
				LD_RUNPATH_SEARCH_PATHS = "$(inherited) @executable_path/Frameworks @loader_path/Frameworks";
				PRODUCT_BUNDLE_IDENTIFIER = com.alftaurus.ToDoListUITests;
				PRODUCT_NAME = "$(TARGET_NAME)";
				SWIFT_VERSION = 4.0;
				TARGETED_DEVICE_FAMILY = "1,2";
				TEST_TARGET_NAME = ToDoList;
			};
			name = Debug;
		};
		2239D0241F91ADBE00163AD2 /* Release */ = {
			isa = XCBuildConfiguration;
			baseConfigurationReference = 2B0F94B29D3E301B80DD5FD6 /* Pods-ToDoListUITests.release.xcconfig */;
			buildSettings = {
				ALWAYS_EMBED_SWIFT_STANDARD_LIBRARIES = YES;
				CODE_SIGN_STYLE = Automatic;
				DEVELOPMENT_TEAM = T7L2FQY8CD;
				INFOPLIST_FILE = ToDoListUITests/Info.plist;
				LD_RUNPATH_SEARCH_PATHS = "$(inherited) @executable_path/Frameworks @loader_path/Frameworks";
				PRODUCT_BUNDLE_IDENTIFIER = com.alftaurus.ToDoListUITests;
				PRODUCT_NAME = "$(TARGET_NAME)";
				SWIFT_VERSION = 4.0;
				TARGETED_DEVICE_FAMILY = "1,2";
				TEST_TARGET_NAME = ToDoList;
			};
			name = Release;
		};
/* End XCBuildConfiguration section */

/* Begin XCConfigurationList section */
		2239CFEC1F91ADBE00163AD2 /* Build configuration list for PBXProject "ToDoList" */ = {
			isa = XCConfigurationList;
			buildConfigurations = (
				2239D01A1F91ADBE00163AD2 /* Debug */,
				2239D01B1F91ADBE00163AD2 /* Release */,
			);
			defaultConfigurationIsVisible = 0;
			defaultConfigurationName = Release;
		};
		2239D01C1F91ADBE00163AD2 /* Build configuration list for PBXNativeTarget "ToDoList" */ = {
			isa = XCConfigurationList;
			buildConfigurations = (
				2239D01D1F91ADBE00163AD2 /* Debug */,
				2239D01E1F91ADBE00163AD2 /* Release */,
			);
			defaultConfigurationIsVisible = 0;
			defaultConfigurationName = Release;
		};
		2239D01F1F91ADBE00163AD2 /* Build configuration list for PBXNativeTarget "ToDoListTests" */ = {
			isa = XCConfigurationList;
			buildConfigurations = (
				2239D0201F91ADBE00163AD2 /* Debug */,
				2239D0211F91ADBE00163AD2 /* Release */,
			);
			defaultConfigurationIsVisible = 0;
			defaultConfigurationName = Release;
		};
		2239D0221F91ADBE00163AD2 /* Build configuration list for PBXNativeTarget "ToDoListUITests" */ = {
			isa = XCConfigurationList;
			buildConfigurations = (
				2239D0231F91ADBE00163AD2 /* Debug */,
				2239D0241F91ADBE00163AD2 /* Release */,
			);
			defaultConfigurationIsVisible = 0;
			defaultConfigurationName = Release;
		};
/* End XCConfigurationList section */

/* Begin XCVersionGroup section */
		2239CFFB1F91ADBE00163AD2 /* ToDoList.xcdatamodeld */ = {
			isa = XCVersionGroup;
			children = (
				2239CFFC1F91ADBE00163AD2 /* ToDoList.xcdatamodel */,
			);
			currentVersion = 2239CFFC1F91ADBE00163AD2 /* ToDoList.xcdatamodel */;
			path = ToDoList.xcdatamodeld;
			sourceTree = "<group>";
			versionGroupType = wrapper.xcdatamodel;
		};
/* End XCVersionGroup section */
	};
	rootObject = 2239CFE91F91ADBE00163AD2 /* Project object */;
}
