// !$*UTF8*$!
{
	archiveVersion = 1;
	classes = {
	};
	objectVersion = 48;
	objects = {

/* Begin PBXBuildFile section */
		2238FF911FC352730026B7F3 /* AppDelegate.swift in Sources */ = {isa = PBXBuildFile; fileRef = 2238FF901FC352730026B7F3 /* AppDelegate.swift */; };
		2238FF931FC352730026B7F3 /* ViewController.swift in Sources */ = {isa = PBXBuildFile; fileRef = 2238FF921FC352730026B7F3 /* ViewController.swift */; };
		2238FF961FC352730026B7F3 /* Main.storyboard in Resources */ = {isa = PBXBuildFile; fileRef = 2238FF941FC352730026B7F3 /* Main.storyboard */; };
		2238FF991FC352730026B7F3 /* Demo1.xcdatamodeld in Sources */ = {isa = PBXBuildFile; fileRef = 2238FF971FC352730026B7F3 /* Demo1.xcdatamodeld */; };
		2238FF9B1FC352730026B7F3 /* Assets.xcassets in Resources */ = {isa = PBXBuildFile; fileRef = 2238FF9A1FC352730026B7F3 /* Assets.xcassets */; };
		2238FF9E1FC352730026B7F3 /* LaunchScreen.storyboard in Resources */ = {isa = PBXBuildFile; fileRef = 2238FF9C1FC352730026B7F3 /* LaunchScreen.storyboard */; };
		2238FFA61FC3554B0026B7F3 /* ChangeViewController.swift in Sources */ = {isa = PBXBuildFile; fileRef = 2238FFA51FC3554B0026B7F3 /* ChangeViewController.swift */; };
		D85DCAF6C6B97403959B4FF9 /* Pods_Demo1.framework in Frameworks */ = {isa = PBXBuildFile; fileRef = 6F9FD0D60DC7DAE2BEC48160 /* Pods_Demo1.framework */; };
/* End PBXBuildFile section */

/* Begin PBXFileReference section */
		2238FF8D1FC352730026B7F3 /* Demo1.app */ = {isa = PBXFileReference; explicitFileType = wrapper.application; includeInIndex = 0; path = Demo1.app; sourceTree = BUILT_PRODUCTS_DIR; };
		2238FF901FC352730026B7F3 /* AppDelegate.swift */ = {isa = PBXFileReference; lastKnownFileType = sourcecode.swift; path = AppDelegate.swift; sourceTree = "<group>"; };
		2238FF921FC352730026B7F3 /* ViewController.swift */ = {isa = PBXFileReference; lastKnownFileType = sourcecode.swift; path = ViewController.swift; sourceTree = "<group>"; };
		2238FF951FC352730026B7F3 /* Base */ = {isa = PBXFileReference; lastKnownFileType = file.storyboard; name = Base; path = Base.lproj/Main.storyboard; sourceTree = "<group>"; };
		2238FF981FC352730026B7F3 /* Demo1.xcdatamodel */ = {isa = PBXFileReference; lastKnownFileType = wrapper.xcdatamodel; path = Demo1.xcdatamodel; sourceTree = "<group>"; };
		2238FF9A1FC352730026B7F3 /* Assets.xcassets */ = {isa = PBXFileReference; lastKnownFileType = folder.assetcatalog; path = Assets.xcassets; sourceTree = "<group>"; };
		2238FF9D1FC352730026B7F3 /* Base */ = {isa = PBXFileReference; lastKnownFileType = file.storyboard; name = Base; path = Base.lproj/LaunchScreen.storyboard; sourceTree = "<group>"; };
		2238FF9F1FC352730026B7F3 /* Info.plist */ = {isa = PBXFileReference; lastKnownFileType = text.plist.xml; path = Info.plist; sourceTree = "<group>"; };
		2238FFA51FC3554B0026B7F3 /* ChangeViewController.swift */ = {isa = PBXFileReference; lastKnownFileType = sourcecode.swift; path = ChangeViewController.swift; sourceTree = "<group>"; };
		547CF6672A95A3854C6A85F8 /* Pods-Demo1.debug.xcconfig */ = {isa = PBXFileReference; includeInIndex = 1; lastKnownFileType = text.xcconfig; name = "Pods-Demo1.debug.xcconfig"; path = "Pods/Target Support Files/Pods-Demo1/Pods-Demo1.debug.xcconfig"; sourceTree = "<group>"; };
		6F9FD0D60DC7DAE2BEC48160 /* Pods_Demo1.framework */ = {isa = PBXFileReference; explicitFileType = wrapper.framework; includeInIndex = 0; path = Pods_Demo1.framework; sourceTree = BUILT_PRODUCTS_DIR; };
		DB6CB23AB75C994197360B30 /* Pods-Demo1.release.xcconfig */ = {isa = PBXFileReference; includeInIndex = 1; lastKnownFileType = text.xcconfig; name = "Pods-Demo1.release.xcconfig"; path = "Pods/Target Support Files/Pods-Demo1/Pods-Demo1.release.xcconfig"; sourceTree = "<group>"; };
/* End PBXFileReference section */

/* Begin PBXFrameworksBuildPhase section */
		2238FF8A1FC352730026B7F3 /* Frameworks */ = {
			isa = PBXFrameworksBuildPhase;
			buildActionMask = 2147483647;
			files = (
				D85DCAF6C6B97403959B4FF9 /* Pods_Demo1.framework in Frameworks */,
			);
			runOnlyForDeploymentPostprocessing = 0;
		};
/* End PBXFrameworksBuildPhase section */

/* Begin PBXGroup section */
		0770B285CA28F0B9824E6563 /* Frameworks */ = {
			isa = PBXGroup;
			children = (
				6F9FD0D60DC7DAE2BEC48160 /* Pods_Demo1.framework */,
			);
			name = Frameworks;
			sourceTree = "<group>";
		};
		2238FF841FC352730026B7F3 = {
			isa = PBXGroup;
			children = (
				2238FF8F1FC352730026B7F3 /* Demo1 */,
				2238FF8E1FC352730026B7F3 /* Products */,
				B27DDA8DB665AD5D72C07B20 /* Pods */,
				0770B285CA28F0B9824E6563 /* Frameworks */,
			);
			sourceTree = "<group>";
		};
		2238FF8E1FC352730026B7F3 /* Products */ = {
			isa = PBXGroup;
			children = (
				2238FF8D1FC352730026B7F3 /* Demo1.app */,
			);
			name = Products;
			sourceTree = "<group>";
		};
		2238FF8F1FC352730026B7F3 /* Demo1 */ = {
			isa = PBXGroup;
			children = (
				2238FF901FC352730026B7F3 /* AppDelegate.swift */,
				2238FF921FC352730026B7F3 /* ViewController.swift */,
				2238FFA51FC3554B0026B7F3 /* ChangeViewController.swift */,
				2238FF941FC352730026B7F3 /* Main.storyboard */,
				2238FF9A1FC352730026B7F3 /* Assets.xcassets */,
				2238FF9C1FC352730026B7F3 /* LaunchScreen.storyboard */,
				2238FF9F1FC352730026B7F3 /* Info.plist */,
				2238FF971FC352730026B7F3 /* Demo1.xcdatamodeld */,
			);
			path = Demo1;
			sourceTree = "<group>";
		};
		B27DDA8DB665AD5D72C07B20 /* Pods */ = {
			isa = PBXGroup;
			children = (
				547CF6672A95A3854C6A85F8 /* Pods-Demo1.debug.xcconfig */,
				DB6CB23AB75C994197360B30 /* Pods-Demo1.release.xcconfig */,
			);
			name = Pods;
			sourceTree = "<group>";
		};
/* End PBXGroup section */

/* Begin PBXNativeTarget section */
		2238FF8C1FC352730026B7F3 /* Demo1 */ = {
			isa = PBXNativeTarget;
			buildConfigurationList = 2238FFA21FC352730026B7F3 /* Build configuration list for PBXNativeTarget "Demo1" */;
			buildPhases = (
				D01BFCA8F228AA3C2E65196A /* [CP] Check Pods Manifest.lock */,
				2238FF891FC352730026B7F3 /* Sources */,
				2238FF8A1FC352730026B7F3 /* Frameworks */,
				2238FF8B1FC352730026B7F3 /* Resources */,
				CFA40F2851DC63BEEB3C8CBD /* [CP] Embed Pods Frameworks */,
				E0A3B1E610CA0E89AAD60877 /* [CP] Copy Pods Resources */,
			);
			buildRules = (
			);
			dependencies = (
			);
			name = Demo1;
			productName = Demo1;
			productReference = 2238FF8D1FC352730026B7F3 /* Demo1.app */;
			productType = "com.apple.product-type.application";
		};
/* End PBXNativeTarget section */

/* Begin PBXProject section */
		2238FF851FC352730026B7F3 /* Project object */ = {
			isa = PBXProject;
			attributes = {
				LastSwiftUpdateCheck = 0910;
				LastUpgradeCheck = 0910;
				ORGANIZATIONNAME = "Alfonso Torres";
				TargetAttributes = {
					2238FF8C1FC352730026B7F3 = {
						CreatedOnToolsVersion = 9.1;
						ProvisioningStyle = Automatic;
					};
				};
			};
			buildConfigurationList = 2238FF881FC352730026B7F3 /* Build configuration list for PBXProject "Demo1" */;
			compatibilityVersion = "Xcode 8.0";
			developmentRegion = en;
			hasScannedForEncodings = 0;
			knownRegions = (
				en,
				Base,
			);
			mainGroup = 2238FF841FC352730026B7F3;
			productRefGroup = 2238FF8E1FC352730026B7F3 /* Products */;
			projectDirPath = "";
			projectRoot = "";
			targets = (
				2238FF8C1FC352730026B7F3 /* Demo1 */,
			);
		};
/* End PBXProject section */

/* Begin PBXResourcesBuildPhase section */
		2238FF8B1FC352730026B7F3 /* Resources */ = {
			isa = PBXResourcesBuildPhase;
			buildActionMask = 2147483647;
			files = (
				2238FF9E1FC352730026B7F3 /* LaunchScreen.storyboard in Resources */,
				2238FF9B1FC352730026B7F3 /* Assets.xcassets in Resources */,
				2238FF961FC352730026B7F3 /* Main.storyboard in Resources */,
			);
			runOnlyForDeploymentPostprocessing = 0;
		};
/* End PBXResourcesBuildPhase section */

/* Begin PBXShellScriptBuildPhase section */
		CFA40F2851DC63BEEB3C8CBD /* [CP] Embed Pods Frameworks */ = {
			isa = PBXShellScriptBuildPhase;
			buildActionMask = 2147483647;
			files = (
			);
			inputPaths = (
				"${SRCROOT}/Pods/Target Support Files/Pods-Demo1/Pods-Demo1-frameworks.sh",
				"${BUILT_PRODUCTS_DIR}/iOSAppToolBox/iOSAppToolBox.framework",
			);
			name = "[CP] Embed Pods Frameworks";
			outputPaths = (
				"${TARGET_BUILD_DIR}/${FRAMEWORKS_FOLDER_PATH}/iOSAppToolBox.framework",
			);
			runOnlyForDeploymentPostprocessing = 0;
			shellPath = /bin/sh;
			shellScript = "\"${SRCROOT}/Pods/Target Support Files/Pods-Demo1/Pods-Demo1-frameworks.sh\"\n";
			showEnvVarsInLog = 0;
		};
		D01BFCA8F228AA3C2E65196A /* [CP] Check Pods Manifest.lock */ = {
			isa = PBXShellScriptBuildPhase;
			buildActionMask = 2147483647;
			files = (
			);
			inputPaths = (
				"${PODS_PODFILE_DIR_PATH}/Podfile.lock",
				"${PODS_ROOT}/Manifest.lock",
			);
			name = "[CP] Check Pods Manifest.lock";
			outputPaths = (
				"$(DERIVED_FILE_DIR)/Pods-Demo1-checkManifestLockResult.txt",
			);
			runOnlyForDeploymentPostprocessing = 0;
			shellPath = /bin/sh;
			shellScript = "diff \"${PODS_PODFILE_DIR_PATH}/Podfile.lock\" \"${PODS_ROOT}/Manifest.lock\" > /dev/null\nif [ $? != 0 ] ; then\n    # print error to STDERR\n    echo \"error: The sandbox is not in sync with the Podfile.lock. Run 'pod install' or update your CocoaPods installation.\" >&2\n    exit 1\nfi\n# This output is used by Xcode 'outputs' to avoid re-running this script phase.\necho \"SUCCESS\" > \"${SCRIPT_OUTPUT_FILE_0}\"\n";
			showEnvVarsInLog = 0;
		};
		E0A3B1E610CA0E89AAD60877 /* [CP] Copy Pods Resources */ = {
			isa = PBXShellScriptBuildPhase;
			buildActionMask = 2147483647;
			files = (
			);
			inputPaths = (
			);
			name = "[CP] Copy Pods Resources";
			outputPaths = (
			);
			runOnlyForDeploymentPostprocessing = 0;
			shellPath = /bin/sh;
			shellScript = "\"${SRCROOT}/Pods/Target Support Files/Pods-Demo1/Pods-Demo1-resources.sh\"\n";
			showEnvVarsInLog = 0;
		};
/* End PBXShellScriptBuildPhase section */

/* Begin PBXSourcesBuildPhase section */
		2238FF891FC352730026B7F3 /* Sources */ = {
			isa = PBXSourcesBuildPhase;
			buildActionMask = 2147483647;
			files = (
				2238FF931FC352730026B7F3 /* ViewController.swift in Sources */,
				2238FF991FC352730026B7F3 /* Demo1.xcdatamodeld in Sources */,
				2238FFA61FC3554B0026B7F3 /* ChangeViewController.swift in Sources */,
				2238FF911FC352730026B7F3 /* AppDelegate.swift in Sources */,
			);
			runOnlyForDeploymentPostprocessing = 0;
		};
/* End PBXSourcesBuildPhase section */

/* Begin PBXVariantGroup section */
		2238FF941FC352730026B7F3 /* Main.storyboard */ = {
			isa = PBXVariantGroup;
			children = (
				2238FF951FC352730026B7F3 /* Base */,
			);
			name = Main.storyboard;
			sourceTree = "<group>";
		};
		2238FF9C1FC352730026B7F3 /* LaunchScreen.storyboard */ = {
			isa = PBXVariantGroup;
			children = (
				2238FF9D1FC352730026B7F3 /* Base */,
			);
			name = LaunchScreen.storyboard;
			sourceTree = "<group>";
		};
/* End PBXVariantGroup section */

/* Begin XCBuildConfiguration section */
		2238FFA01FC352730026B7F3 /* Debug */ = {
			isa = XCBuildConfiguration;
			buildSettings = {
				ALWAYS_SEARCH_USER_PATHS = NO;
				CLANG_ANALYZER_NONNULL = YES;
				CLANG_ANALYZER_NUMBER_OBJECT_CONVERSION = YES_AGGRESSIVE;
				CLANG_CXX_LANGUAGE_STANDARD = "gnu++14";
				CLANG_CXX_LIBRARY = "libc++";
				CLANG_ENABLE_MODULES = YES;
				CLANG_ENABLE_OBJC_ARC = YES;
				CLANG_WARN_BLOCK_CAPTURE_AUTORELEASING = YES;
				CLANG_WARN_BOOL_CONVERSION = YES;
				CLANG_WARN_COMMA = YES;
				CLANG_WARN_CONSTANT_CONVERSION = YES;
				CLANG_WARN_DIRECT_OBJC_ISA_USAGE = YES_ERROR;
				CLANG_WARN_DOCUMENTATION_COMMENTS = YES;
				CLANG_WARN_EMPTY_BODY = YES;
				CLANG_WARN_ENUM_CONVERSION = YES;
				CLANG_WARN_INFINITE_RECURSION = YES;
				CLANG_WARN_INT_CONVERSION = YES;
				CLANG_WARN_NON_LITERAL_NULL_CONVERSION = YES;
				CLANG_WARN_OBJC_LITERAL_CONVERSION = YES;
				CLANG_WARN_OBJC_ROOT_CLASS = YES_ERROR;
				CLANG_WARN_RANGE_LOOP_ANALYSIS = YES;
				CLANG_WARN_STRICT_PROTOTYPES = YES;
				CLANG_WARN_SUSPICIOUS_MOVE = YES;
				CLANG_WARN_UNGUARDED_AVAILABILITY = YES_AGGRESSIVE;
				CLANG_WARN_UNREACHABLE_CODE = YES;
				CLANG_WARN__DUPLICATE_METHOD_MATCH = YES;
				CODE_SIGN_IDENTITY = "iPhone Developer";
				COPY_PHASE_STRIP = NO;
				DEBUG_INFORMATION_FORMAT = dwarf;
				ENABLE_STRICT_OBJC_MSGSEND = YES;
				ENABLE_TESTABILITY = YES;
				GCC_C_LANGUAGE_STANDARD = gnu11;
				GCC_DYNAMIC_NO_PIC = NO;
				GCC_NO_COMMON_BLOCKS = YES;
				GCC_OPTIMIZATION_LEVEL = 0;
				GCC_PREPROCESSOR_DEFINITIONS = (
					"DEBUG=1",
					"$(inherited)",
				);
				GCC_WARN_64_TO_32_BIT_CONVERSION = YES;
				GCC_WARN_ABOUT_RETURN_TYPE = YES_ERROR;
				GCC_WARN_UNDECLARED_SELECTOR = YES;
				GCC_WARN_UNINITIALIZED_AUTOS = YES_AGGRESSIVE;
				GCC_WARN_UNUSED_FUNCTION = YES;
				GCC_WARN_UNUSED_VARIABLE = YES;
				IPHONEOS_DEPLOYMENT_TARGET = 11.1;
				MTL_ENABLE_DEBUG_INFO = YES;
				ONLY_ACTIVE_ARCH = YES;
				SDKROOT = iphoneos;
				SWIFT_ACTIVE_COMPILATION_CONDITIONS = DEBUG;
				SWIFT_OPTIMIZATION_LEVEL = "-Onone";
			};
			name = Debug;
		};
		2238FFA11FC352730026B7F3 /* Release */ = {
			isa = XCBuildConfiguration;
			buildSettings = {
				ALWAYS_SEARCH_USER_PATHS = NO;
				CLANG_ANALYZER_NONNULL = YES;
				CLANG_ANALYZER_NUMBER_OBJECT_CONVERSION = YES_AGGRESSIVE;
				CLANG_CXX_LANGUAGE_STANDARD = "gnu++14";
				CLANG_CXX_LIBRARY = "libc++";
				CLANG_ENABLE_MODULES = YES;
				CLANG_ENABLE_OBJC_ARC = YES;
				CLANG_WARN_BLOCK_CAPTURE_AUTORELEASING = YES;
				CLANG_WARN_BOOL_CONVERSION = YES;
				CLANG_WARN_COMMA = YES;
				CLANG_WARN_CONSTANT_CONVERSION = YES;
				CLANG_WARN_DIRECT_OBJC_ISA_USAGE = YES_ERROR;
				CLANG_WARN_DOCUMENTATION_COMMENTS = YES;
				CLANG_WARN_EMPTY_BODY = YES;
				CLANG_WARN_ENUM_CONVERSION = YES;
				CLANG_WARN_INFINITE_RECURSION = YES;
				CLANG_WARN_INT_CONVERSION = YES;
				CLANG_WARN_NON_LITERAL_NULL_CONVERSION = YES;
				CLANG_WARN_OBJC_LITERAL_CONVERSION = YES;
				CLANG_WARN_OBJC_ROOT_CLASS = YES_ERROR;
				CLANG_WARN_RANGE_LOOP_ANALYSIS = YES;
				CLANG_WARN_STRICT_PROTOTYPES = YES;
				CLANG_WARN_SUSPICIOUS_MOVE = YES;
				CLANG_WARN_UNGUARDED_AVAILABILITY = YES_AGGRESSIVE;
				CLANG_WARN_UNREACHABLE_CODE = YES;
				CLANG_WARN__DUPLICATE_METHOD_MATCH = YES;
				CODE_SIGN_IDENTITY = "iPhone Developer";
				COPY_PHASE_STRIP = NO;
				DEBUG_INFORMATION_FORMAT = "dwarf-with-dsym";
				ENABLE_NS_ASSERTIONS = NO;
				ENABLE_STRICT_OBJC_MSGSEND = YES;
				GCC_C_LANGUAGE_STANDARD = gnu11;
				GCC_NO_COMMON_BLOCKS = YES;
				GCC_WARN_64_TO_32_BIT_CONVERSION = YES;
				GCC_WARN_ABOUT_RETURN_TYPE = YES_ERROR;
				GCC_WARN_UNDECLARED_SELECTOR = YES;
				GCC_WARN_UNINITIALIZED_AUTOS = YES_AGGRESSIVE;
				GCC_WARN_UNUSED_FUNCTION = YES;
				GCC_WARN_UNUSED_VARIABLE = YES;
				IPHONEOS_DEPLOYMENT_TARGET = 11.1;
				MTL_ENABLE_DEBUG_INFO = NO;
				SDKROOT = iphoneos;
				SWIFT_OPTIMIZATION_LEVEL = "-Owholemodule";
				VALIDATE_PRODUCT = YES;
			};
			name = Release;
		};
		2238FFA31FC352730026B7F3 /* Debug */ = {
			isa = XCBuildConfiguration;
			baseConfigurationReference = 547CF6672A95A3854C6A85F8 /* Pods-Demo1.debug.xcconfig */;
			buildSettings = {
				ASSETCATALOG_COMPILER_APPICON_NAME = AppIcon;
				CODE_SIGN_STYLE = Automatic;
				DEVELOPMENT_TEAM = T7L2FQY8CD;
				INFOPLIST_FILE = Demo1/Info.plist;
				LD_RUNPATH_SEARCH_PATHS = "$(inherited) @executable_path/Frameworks";
				PRODUCT_BUNDLE_IDENTIFIER = com.alftaurus.Demo1;
				PRODUCT_NAME = "$(TARGET_NAME)";
				SWIFT_VERSION = 4.0;
				TARGETED_DEVICE_FAMILY = "1,2";
			};
			name = Debug;
		};
		2238FFA41FC352730026B7F3 /* Release */ = {
			isa = XCBuildConfiguration;
			baseConfigurationReference = DB6CB23AB75C994197360B30 /* Pods-Demo1.release.xcconfig */;
			buildSettings = {
				ASSETCATALOG_COMPILER_APPICON_NAME = AppIcon;
				CODE_SIGN_STYLE = Automatic;
				DEVELOPMENT_TEAM = T7L2FQY8CD;
				INFOPLIST_FILE = Demo1/Info.plist;
				LD_RUNPATH_SEARCH_PATHS = "$(inherited) @executable_path/Frameworks";
				PRODUCT_BUNDLE_IDENTIFIER = com.alftaurus.Demo1;
				PRODUCT_NAME = "$(TARGET_NAME)";
				SWIFT_VERSION = 4.0;
				TARGETED_DEVICE_FAMILY = "1,2";
			};
			name = Release;
		};
/* End XCBuildConfiguration section */

/* Begin XCConfigurationList section */
		2238FF881FC352730026B7F3 /* Build configuration list for PBXProject "Demo1" */ = {
			isa = XCConfigurationList;
			buildConfigurations = (
				2238FFA01FC352730026B7F3 /* Debug */,
				2238FFA11FC352730026B7F3 /* Release */,
			);
			defaultConfigurationIsVisible = 0;
			defaultConfigurationName = Release;
		};
		2238FFA21FC352730026B7F3 /* Build configuration list for PBXNativeTarget "Demo1" */ = {
			isa = XCConfigurationList;
			buildConfigurations = (
				2238FFA31FC352730026B7F3 /* Debug */,
				2238FFA41FC352730026B7F3 /* Release */,
			);
			defaultConfigurationIsVisible = 0;
			defaultConfigurationName = Release;
		};
/* End XCConfigurationList section */

/* Begin XCVersionGroup section */
		2238FF971FC352730026B7F3 /* Demo1.xcdatamodeld */ = {
			isa = XCVersionGroup;
			children = (
				2238FF981FC352730026B7F3 /* Demo1.xcdatamodel */,
			);
			currentVersion = 2238FF981FC352730026B7F3 /* Demo1.xcdatamodel */;
			path = Demo1.xcdatamodeld;
			sourceTree = "<group>";
			versionGroupType = wrapper.xcdatamodel;
		};
/* End XCVersionGroup section */
	};
	rootObject = 2238FF851FC352730026B7F3 /* Project object */;
}
